// !$*UTF8*$!
{
	archiveVersion = 1;
	classes = {
	};
	objectVersion = 46;
	objects = {

/* Begin PBXBuildFile section */
		154E7CDB1D50294A0011F659 /* AppDelegate.swift in Sources */ = {isa = PBXBuildFile; fileRef = 154E7CDA1D50294A0011F659 /* AppDelegate.swift */; };
		154E7CDD1D50294A0011F659 /* TableViewController.swift in Sources */ = {isa = PBXBuildFile; fileRef = 154E7CDC1D50294A0011F659 /* TableViewController.swift */; };
		154E7CE01D50294A0011F659 /* Main.storyboard in Resources */ = {isa = PBXBuildFile; fileRef = 154E7CDE1D50294A0011F659 /* Main.storyboard */; };
		154E7CE21D50294A0011F659 /* Assets.xcassets in Resources */ = {isa = PBXBuildFile; fileRef = 154E7CE11D50294A0011F659 /* Assets.xcassets */; };
		154E7CE51D50294A0011F659 /* LaunchScreen.storyboard in Resources */ = {isa = PBXBuildFile; fileRef = 154E7CE31D50294A0011F659 /* LaunchScreen.storyboard */; };
/* End PBXBuildFile section */

/* Begin PBXFileReference section */
		154E7CD71D50294A0011F659 /* dequeueReusableCellNames.app */ = {isa = PBXFileReference; explicitFileType = wrapper.application; includeInIndex = 0; path = dequeueReusableCellNames.app; sourceTree = BUILT_PRODUCTS_DIR; };
		154E7CDA1D50294A0011F659 /* AppDelegate.swift */ = {isa = PBXFileReference; lastKnownFileType = sourcecode.swift; path = AppDelegate.swift; sourceTree = "<group>"; };
		154E7CDC1D50294A0011F659 /* TableViewController.swift */ = {isa = PBXFileReference; lastKnownFileType = sourcecode.swift; path = TableViewController.swift; sourceTree = "<group>"; };
		154E7CDF1D50294A0011F659 /* Base */ = {isa = PBXFileReference; lastKnownFileType = file.storyboard; name = Base; path = Base.lproj/Main.storyboard; sourceTree = "<group>"; };
		154E7CE11D50294A0011F659 /* Assets.xcassets */ = {isa = PBXFileReference; lastKnownFileType = folder.assetcatalog; path = Assets.xcassets; sourceTree = "<group>"; };
		154E7CE41D50294A0011F659 /* Base */ = {isa = PBXFileReference; lastKnownFileType = file.storyboard; name = Base; path = Base.lproj/LaunchScreen.storyboard; sourceTree = "<group>"; };
		154E7CE61D50294A0011F659 /* Info.plist */ = {isa = PBXFileReference; lastKnownFileType = text.plist.xml; path = Info.plist; sourceTree = "<group>"; };
/* End PBXFileReference section */

/* Begin PBXFrameworksBuildPhase section */
		154E7CD41D50294A0011F659 /* Frameworks */ = {
			isa = PBXFrameworksBuildPhase;
			buildActionMask = 2147483647;
			files = (
			);
			runOnlyForDeploymentPostprocessing = 0;
		};
/* End PBXFrameworksBuildPhase section */

/* Begin PBXGroup section */
		154E7CCE1D50294A0011F659 = {
			isa = PBXGroup;
			children = (
				154E7CD91D50294A0011F659 /* dequeueReusableCellNames */,
				154E7CD81D50294A0011F659 /* Products */,
			);
			sourceTree = "<group>";
		};
		154E7CD81D50294A0011F659 /* Products */ = {
			isa = PBXGroup;
			children = (
				154E7CD71D50294A0011F659 /* dequeueReusableCellNames.app */,
			);
			name = Products;
			sourceTree = "<group>";
		};
		154E7CD91D50294A0011F659 /* dequeueReusableCellNames */ = {
			isa = PBXGroup;
			children = (
				154E7CDA1D50294A0011F659 /* AppDelegate.swift */,
				154E7CDC1D50294A0011F659 /* TableViewController.swift */,
				154E7CDE1D50294A0011F659 /* Main.storyboard */,
				154E7CE11D50294A0011F659 /* Assets.xcassets */,
				154E7CE31D50294A0011F659 /* LaunchScreen.storyboard */,
				154E7CE61D50294A0011F659 /* Info.plist */,
			);
			path = dequeueReusableCellNames;
			sourceTree = "<group>";
		};
/* End PBXGroup section */

/* Begin PBXNativeTarget section */
		154E7CD61D50294A0011F659 /* dequeueReusableCellNames */ = {
			isa = PBXNativeTarget;
			buildConfigurationList = 154E7CE91D50294A0011F659 /* Build configuration list for PBXNativeTarget "dequeueReusableCellNames" */;
			buildPhases = (
				154E7CD31D50294A0011F659 /* Sources */,
				154E7CD41D50294A0011F659 /* Frameworks */,
				154E7CD51D50294A0011F659 /* Resources */,
			);
			buildRules = (
			);
			dependencies = (
			);
			name = dequeueReusableCellNames;
			productName = dequeueReusableCellNames;
			productReference = 154E7CD71D50294A0011F659 /* dequeueReusableCellNames.app */;
			productType = "com.apple.product-type.application";
		};
/* End PBXNativeTarget section */

/* Begin PBXProject section */
		154E7CCF1D50294A0011F659 /* Project object */ = {
			isa = PBXProject;
			attributes = {
				LastSwiftUpdateCheck = 0730;
				LastUpgradeCheck = 0730;
				ORGANIZATIONNAME = Hkapp;
				TargetAttributes = {
					154E7CD61D50294A0011F659 = {
						CreatedOnToolsVersion = 7.3.1;
					};
				};
			};
			buildConfigurationList = 154E7CD21D50294A0011F659 /* Build configuration list for PBXProject "dequeueReusableCellNames" */;
			compatibilityVersion = "Xcode 3.2";
			developmentRegion = English;
			hasScannedForEncodings = 0;
			knownRegions = (
				en,
				Base,
			);
			mainGroup = 154E7CCE1D50294A0011F659;
			productRefGroup = 154E7CD81D50294A0011F659 /* Products */;
			projectDirPath = "";
			projectRoot = "";
			targets = (
				154E7CD61D50294A0011F659 /* dequeueReusableCellNames */,
			);
		};
/* End PBXProject section */

/* Begin PBXResourcesBuildPhase section */
		154E7CD51D50294A0011F659 /* Resources */ = {
			isa = PBXResourcesBuildPhase;
			buildActionMask = 2147483647;
			files = (
				154E7CE51D50294A0011F659 /* LaunchScreen.storyboard in Resources */,
				154E7CE21D50294A0011F659 /* Assets.xcassets in Resources */,
				154E7CE01D50294A0011F659 /* Main.storyboard in Resources */,
			);
			runOnlyForDeploymentPostprocessing = 0;
		};
/* End PBXResourcesBuildPhase section */

/* Begin PBXSourcesBuildPhase section */
		154E7CD31D50294A0011F659 /* Sources */ = {
			isa = PBXSourcesBuildPhase;
			buildActionMask = 2147483647;
			files = (
				154E7CDD1D50294A0011F659 /* TableViewController.swift in Sources */,
				154E7CDB1D50294A0011F659 /* AppDelegate.swift in Sources */,
			);
			runOnlyForDeploymentPostprocessing = 0;
		};
/* End PBXSourcesBuildPhase section */

/* Begin PBXVariantGroup section */
		154E7CDE1D50294A0011F659 /* Main.storyboard */ = {
			isa = PBXVariantGroup;
			children = (
				154E7CDF1D50294A0011F659 /* Base */,
			);
			name = Main.storyboard;
			sourceTree = "<group>";
		};
		154E7CE31D50294A0011F659 /* LaunchScreen.storyboard */ = {
			isa = PBXVariantGroup;
			children = (
				154E7CE41D50294A0011F659 /* Base */,
			);
			name = LaunchScreen.storyboard;
			sourceTree = "<group>";
		};
/* End PBXVariantGroup section */

/* Begin XCBuildConfiguration section */
		154E7CE71D50294A0011F659 /* Debug */ = {
			isa = XCBuildConfiguration;
			buildSettings = {
				ALWAYS_SEARCH_USER_PATHS = NO;
				CLANG_ANALYZER_NONNULL = YES;
				CLANG_CXX_LANGUAGE_STANDARD = "gnu++0x";
				CLANG_CXX_LIBRARY = "libc++";
				CLANG_ENABLE_MODULES = YES;
				CLANG_ENABLE_OBJC_ARC = YES;
				CLANG_WARN_BOOL_CONVERSION = YES;
				CLANG_WARN_CONSTANT_CONVERSION = YES;
				CLANG_WARN_DIRECT_OBJC_ISA_USAGE = YES_ERROR;
				CLANG_WARN_EMPTY_BODY = YES;
				CLANG_WARN_ENUM_CONVERSION = YES;
				CLANG_WARN_INT_CONVERSION = YES;
				CLANG_WARN_OBJC_ROOT_CLASS = YES_ERROR;
				CLANG_WARN_UNREACHABLE_CODE = YES;
				CLANG_WARN__DUPLICATE_METHOD_MATCH = YES;
				"CODE_SIGN_IDENTITY[sdk=iphoneos*]" = "iPhone Developer";
				COPY_PHASE_STRIP = NO;
				DEBUG_INFORMATION_FORMAT = dwarf;
				ENABLE_STRICT_OBJC_MSGSEND = YES;
				ENABLE_TESTABILITY = YES;
				GCC_C_LANGUAGE_STANDARD = gnu99;
				GCC_DYNAMIC_NO_PIC = NO;
				GCC_NO_COMMON_BLOCKS = YES;
				GCC_OPTIMIZATION_LEVEL = 0;
				GCC_PREPROCESSOR_DEFINITIONS = (
					"DEBUG=1",
					"$(inherited)",
				);
				GCC_WARN_64_TO_32_BIT_CONVERSION = YES;
				GCC_WARN_ABOUT_RETURN_TYPE = YES_ERROR;
				GCC_WARN_UNDECLARED_SELECTOR = YES;
				GCC_WARN_UNINITIALIZED_AUTOS = YES_AGGRESSIVE;
				GCC_WARN_UNUSED_FUNCTION = YES;
				GCC_WARN_UNUSED_VARIABLE = YES;
				IPHONEOS_DEPLOYMENT_TARGET = 9.3;
				MTL_ENABLE_DEBUG_INFO = YES;
				ONLY_ACTIVE_ARCH = YES;
				SDKROOT = iphoneos;
				SWIFT_OPTIMIZATION_LEVEL = "-Onone";
				TARGETED_DEVICE_FAMILY = "1,2";
			};
			name = Debug;
		};
		154E7CE81D50294A0011F659 /* Release */ = {
			isa = XCBuildConfiguration;
			buildSettings = {
				ALWAYS_SEARCH_USER_PATHS = NO;
				CLANG_ANALYZER_NONNULL = YES;
				CLANG_CXX_LANGUAGE_STANDARD = "gnu++0x";
				CLANG_CXX_LIBRARY = "libc++";
				CLANG_ENABLE_MODULES = YES;
				CLANG_ENABLE_OBJC_ARC = YES;
				CLANG_WARN_BOOL_CONVERSION = YES;
				CLANG_WARN_CONSTANT_CONVERSION = YES;
				CLANG_WARN_DIRECT_OBJC_ISA_USAGE = YES_ERROR;
				CLANG_WARN_EMPTY_BODY = YES;
				CLANG_WARN_ENUM_CONVERSION = YES;
				CLANG_WARN_INT_CONVERSION = YES;
				CLANG_WARN_OBJC_ROOT_CLASS = YES_ERROR;
				CLANG_WARN_UNREACHABLE_CODE = YES;
				CLANG_WARN__DUPLICATE_METHOD_MATCH = YES;
				"CODE_SIGN_IDENTITY[sdk=iphoneos*]" = "iPhone Developer";
				COPY_PHASE_STRIP = NO;
				DEBUG_INFORMATION_FORMAT = "dwarf-with-dsym";
				ENABLE_NS_ASSERTIONS = NO;
				ENABLE_STRICT_OBJC_MSGSEND = YES;
				GCC_C_LANGUAGE_STANDARD = gnu99;
				GCC_NO_COMMON_BLOCKS = YES;
				GCC_WARN_64_TO_32_BIT_CONVERSION = YES;
				GCC_WARN_ABOUT_RETURN_TYPE = YES_ERROR;
				GCC_WARN_UNDECLARED_SELECTOR = YES;
				GCC_WARN_UNINITIALIZED_AUTOS = YES_AGGRESSIVE;
				GCC_WARN_UNUSED_FUNCTION = YES;
				GCC_WARN_UNUSED_VARIABLE = YES;
				IPHONEOS_DEPLOYMENT_TARGET = 9.3;
				MTL_ENABLE_DEBUG_INFO = NO;
				SDKROOT = iphoneos;
				TARGETED_DEVICE_FAMILY = "1,2";
				VALIDATE_PRODUCT = YES;
			};
			name = Release;
		};
		154E7CEA1D50294A0011F659 /* Debug */ = {
			isa = XCBuildConfiguration;
			buildSettings = {
				ASSETCATALOG_COMPILER_APPICON_NAME = AppIcon;
				INFOPLIST_FILE = dequeueReusableCellNames/Info.plist;
				LD_RUNPATH_SEARCH_PATHS = "$(inherited) @executable_path/Frameworks";
				PRODUCT_BUNDLE_IDENTIFIER = com.Hkapp.dequeueReusableCellNames;
				PRODUCT_NAME = "$(TARGET_NAME)";
			};
			name = Debug;
		};
		154E7CEB1D50294A0011F659 /* Release */ = {
			isa = XCBuildConfiguration;
			buildSettings = {
				ASSETCATALOG_COMPILER_APPICON_NAME = AppIcon;
				INFOPLIST_FILE = dequeueReusableCellNames/Info.plist;
				LD_RUNPATH_SEARCH_PATHS = "$(inherited) @executable_path/Frameworks";
				PRODUCT_BUNDLE_IDENTIFIER = com.Hkapp.dequeueReusableCellNames;
				PRODUCT_NAME = "$(TARGET_NAME)";
			};
			name = Release;
		};
/* End XCBuildConfiguration section */

/* Begin XCConfigurationList section */
		154E7CD21D50294A0011F659 /* Build configuration list for PBXProject "dequeueReusableCellNames" */ = {
			isa = XCConfigurationList;
			buildConfigurations = (
				154E7CE71D50294A0011F659 /* Debug */,
				154E7CE81D50294A0011F659 /* Release */,
			);
			defaultConfigurationIsVisible = 0;
			defaultConfigurationName = Release;
		};
		154E7CE91D50294A0011F659 /* Build configuration list for PBXNativeTarget "dequeueReusableCellNames" */ = {
			isa = XCConfigurationList;
			buildConfigurations = (
				154E7CEA1D50294A0011F659 /* Debug */,
				154E7CEB1D50294A0011F659 /* Release */,
			);
			defaultConfigurationIsVisible = 0;
		};
/* End XCConfigurationList section */
	};
	rootObject = 154E7CCF1D50294A0011F659 /* Project object */;
}
