// !$*UTF8*$!
{
	archiveVersion = 1;
	classes = {
	};
	objectVersion = 46;
	objects = {

/* Begin PBXBuildFile section */
		150E1CB21D52578600F532FE /* AppDelegate.swift in Sources */ = {isa = PBXBuildFile; fileRef = 150E1CB11D52578600F532FE /* AppDelegate.swift */; };
		150E1CB41D52578600F532FE /* FirstViewController.swift in Sources */ = {isa = PBXBuildFile; fileRef = 150E1CB31D52578600F532FE /* FirstViewController.swift */; };
		150E1CB61D52578600F532FE /* SecondViewController.swift in Sources */ = {isa = PBXBuildFile; fileRef = 150E1CB51D52578600F532FE /* SecondViewController.swift */; };
		150E1CB91D52578600F532FE /* Main.storyboard in Resources */ = {isa = PBXBuildFile; fileRef = 150E1CB71D52578600F532FE /* Main.storyboard */; };
		150E1CBB1D52578600F532FE /* Assets.xcassets in Resources */ = {isa = PBXBuildFile; fileRef = 150E1CBA1D52578600F532FE /* Assets.xcassets */; };
		150E1CBE1D52578600F532FE /* LaunchScreen.storyboard in Resources */ = {isa = PBXBuildFile; fileRef = 150E1CBC1D52578600F532FE /* LaunchScreen.storyboard */; };
		150E1CC61D52593A00F532FE /* ThirdViewController.swift in Sources */ = {isa = PBXBuildFile; fileRef = 150E1CC51D52593A00F532FE /* ThirdViewController.swift */; };
/* End PBXBuildFile section */

/* Begin PBXFileReference section */
		150E1CAE1D52578600F532FE /* TapToColor.app */ = {isa = PBXFileReference; explicitFileType = wrapper.application; includeInIndex = 0; path = TapToColor.app; sourceTree = BUILT_PRODUCTS_DIR; };
		150E1CB11D52578600F532FE /* AppDelegate.swift */ = {isa = PBXFileReference; lastKnownFileType = sourcecode.swift; path = AppDelegate.swift; sourceTree = "<group>"; };
		150E1CB31D52578600F532FE /* FirstViewController.swift */ = {isa = PBXFileReference; lastKnownFileType = sourcecode.swift; path = FirstViewController.swift; sourceTree = "<group>"; };
		150E1CB51D52578600F532FE /* SecondViewController.swift */ = {isa = PBXFileReference; lastKnownFileType = sourcecode.swift; path = SecondViewController.swift; sourceTree = "<group>"; };
		150E1CB81D52578600F532FE /* Base */ = {isa = PBXFileReference; lastKnownFileType = file.storyboard; name = Base; path = Base.lproj/Main.storyboard; sourceTree = "<group>"; };
		150E1CBA1D52578600F532FE /* Assets.xcassets */ = {isa = PBXFileReference; lastKnownFileType = folder.assetcatalog; path = Assets.xcassets; sourceTree = "<group>"; };
		150E1CBD1D52578600F532FE /* Base */ = {isa = PBXFileReference; lastKnownFileType = file.storyboard; name = Base; path = Base.lproj/LaunchScreen.storyboard; sourceTree = "<group>"; };
		150E1CBF1D52578600F532FE /* Info.plist */ = {isa = PBXFileReference; lastKnownFileType = text.plist.xml; path = Info.plist; sourceTree = "<group>"; };
		150E1CC51D52593A00F532FE /* ThirdViewController.swift */ = {isa = PBXFileReference; fileEncoding = 4; lastKnownFileType = sourcecode.swift; path = ThirdViewController.swift; sourceTree = "<group>"; };
/* End PBXFileReference section */

/* Begin PBXFrameworksBuildPhase section */
		150E1CAB1D52578600F532FE /* Frameworks */ = {
			isa = PBXFrameworksBuildPhase;
			buildActionMask = 2147483647;
			files = (
			);
			runOnlyForDeploymentPostprocessing = 0;
		};
/* End PBXFrameworksBuildPhase section */

/* Begin PBXGroup section */
		150E1CA51D52578600F532FE = {
			isa = PBXGroup;
			children = (
				150E1CB01D52578600F532FE /* TapToColor */,
				150E1CAF1D52578600F532FE /* Products */,
			);
			sourceTree = "<group>";
		};
		150E1CAF1D52578600F532FE /* Products */ = {
			isa = PBXGroup;
			children = (
				150E1CAE1D52578600F532FE /* TapToColor.app */,
			);
			name = Products;
			sourceTree = "<group>";
		};
		150E1CB01D52578600F532FE /* TapToColor */ = {
			isa = PBXGroup;
			children = (
				150E1CB11D52578600F532FE /* AppDelegate.swift */,
				150E1CB31D52578600F532FE /* FirstViewController.swift */,
				150E1CB51D52578600F532FE /* SecondViewController.swift */,
				150E1CB71D52578600F532FE /* Main.storyboard */,
				150E1CBA1D52578600F532FE /* Assets.xcassets */,
				150E1CBC1D52578600F532FE /* LaunchScreen.storyboard */,
				150E1CBF1D52578600F532FE /* Info.plist */,
				150E1CC51D52593A00F532FE /* ThirdViewController.swift */,
			);
			path = TapToColor;
			sourceTree = "<group>";
		};
/* End PBXGroup section */

/* Begin PBXNativeTarget section */
		150E1CAD1D52578600F532FE /* TapToColor */ = {
			isa = PBXNativeTarget;
			buildConfigurationList = 150E1CC21D52578600F532FE /* Build configuration list for PBXNativeTarget "TapToColor" */;
			buildPhases = (
				150E1CAA1D52578600F532FE /* Sources */,
				150E1CAB1D52578600F532FE /* Frameworks */,
				150E1CAC1D52578600F532FE /* Resources */,
			);
			buildRules = (
			);
			dependencies = (
			);
			name = TapToColor;
			productName = TapToColor;
			productReference = 150E1CAE1D52578600F532FE /* TapToColor.app */;
			productType = "com.apple.product-type.application";
		};
/* End PBXNativeTarget section */

/* Begin PBXProject section */
		150E1CA61D52578600F532FE /* Project object */ = {
			isa = PBXProject;
			attributes = {
				LastSwiftUpdateCheck = 0730;
				LastUpgradeCheck = 0730;
				ORGANIZATIONNAME = Hkapp;
				TargetAttributes = {
					150E1CAD1D52578600F532FE = {
						CreatedOnToolsVersion = 7.3.1;
					};
				};
			};
			buildConfigurationList = 150E1CA91D52578600F532FE /* Build configuration list for PBXProject "TapToColor" */;
			compatibilityVersion = "Xcode 3.2";
			developmentRegion = English;
			hasScannedForEncodings = 0;
			knownRegions = (
				en,
				Base,
			);
			mainGroup = 150E1CA51D52578600F532FE;
			productRefGroup = 150E1CAF1D52578600F532FE /* Products */;
			projectDirPath = "";
			projectRoot = "";
			targets = (
				150E1CAD1D52578600F532FE /* TapToColor */,
			);
		};
/* End PBXProject section */

/* Begin PBXResourcesBuildPhase section */
		150E1CAC1D52578600F532FE /* Resources */ = {
			isa = PBXResourcesBuildPhase;
			buildActionMask = 2147483647;
			files = (
				150E1CBE1D52578600F532FE /* LaunchScreen.storyboard in Resources */,
				150E1CBB1D52578600F532FE /* Assets.xcassets in Resources */,
				150E1CB91D52578600F532FE /* Main.storyboard in Resources */,
			);
			runOnlyForDeploymentPostprocessing = 0;
		};
/* End PBXResourcesBuildPhase section */

/* Begin PBXSourcesBuildPhase section */
		150E1CAA1D52578600F532FE /* Sources */ = {
			isa = PBXSourcesBuildPhase;
			buildActionMask = 2147483647;
			files = (
				150E1CB61D52578600F532FE /* SecondViewController.swift in Sources */,
				150E1CB21D52578600F532FE /* AppDelegate.swift in Sources */,
				150E1CC61D52593A00F532FE /* ThirdViewController.swift in Sources */,
				150E1CB41D52578600F532FE /* FirstViewController.swift in Sources */,
			);
			runOnlyForDeploymentPostprocessing = 0;
		};
/* End PBXSourcesBuildPhase section */

/* Begin PBXVariantGroup section */
		150E1CB71D52578600F532FE /* Main.storyboard */ = {
			isa = PBXVariantGroup;
			children = (
				150E1CB81D52578600F532FE /* Base */,
			);
			name = Main.storyboard;
			sourceTree = "<group>";
		};
		150E1CBC1D52578600F532FE /* LaunchScreen.storyboard */ = {
			isa = PBXVariantGroup;
			children = (
				150E1CBD1D52578600F532FE /* Base */,
			);
			name = LaunchScreen.storyboard;
			sourceTree = "<group>";
		};
/* End PBXVariantGroup section */

/* Begin XCBuildConfiguration section */
		150E1CC01D52578600F532FE /* Debug */ = {
			isa = XCBuildConfiguration;
			buildSettings = {
				ALWAYS_SEARCH_USER_PATHS = NO;
				CLANG_ANALYZER_NONNULL = YES;
				CLANG_CXX_LANGUAGE_STANDARD = "gnu++0x";
				CLANG_CXX_LIBRARY = "libc++";
				CLANG_ENABLE_MODULES = YES;
				CLANG_ENABLE_OBJC_ARC = YES;
				CLANG_WARN_BOOL_CONVERSION = YES;
				CLANG_WARN_CONSTANT_CONVERSION = YES;
				CLANG_WARN_DIRECT_OBJC_ISA_USAGE = YES_ERROR;
				CLANG_WARN_EMPTY_BODY = YES;
				CLANG_WARN_ENUM_CONVERSION = YES;
				CLANG_WARN_INT_CONVERSION = YES;
				CLANG_WARN_OBJC_ROOT_CLASS = YES_ERROR;
				CLANG_WARN_UNREACHABLE_CODE = YES;
				CLANG_WARN__DUPLICATE_METHOD_MATCH = YES;
				"CODE_SIGN_IDENTITY[sdk=iphoneos*]" = "iPhone Developer";
				COPY_PHASE_STRIP = NO;
				DEBUG_INFORMATION_FORMAT = dwarf;
				ENABLE_STRICT_OBJC_MSGSEND = YES;
				ENABLE_TESTABILITY = YES;
				GCC_C_LANGUAGE_STANDARD = gnu99;
				GCC_DYNAMIC_NO_PIC = NO;
				GCC_NO_COMMON_BLOCKS = YES;
				GCC_OPTIMIZATION_LEVEL = 0;
				GCC_PREPROCESSOR_DEFINITIONS = (
					"DEBUG=1",
					"$(inherited)",
				);
				GCC_WARN_64_TO_32_BIT_CONVERSION = YES;
				GCC_WARN_ABOUT_RETURN_TYPE = YES_ERROR;
				GCC_WARN_UNDECLARED_SELECTOR = YES;
				GCC_WARN_UNINITIALIZED_AUTOS = YES_AGGRESSIVE;
				GCC_WARN_UNUSED_FUNCTION = YES;
				GCC_WARN_UNUSED_VARIABLE = YES;
				IPHONEOS_DEPLOYMENT_TARGET = 9.3;
				MTL_ENABLE_DEBUG_INFO = YES;
				ONLY_ACTIVE_ARCH = YES;
				SDKROOT = iphoneos;
				SWIFT_OPTIMIZATION_LEVEL = "-Onone";
				TARGETED_DEVICE_FAMILY = "1,2";
			};
			name = Debug;
		};
		150E1CC11D52578600F532FE /* Release */ = {
			isa = XCBuildConfiguration;
			buildSettings = {
				ALWAYS_SEARCH_USER_PATHS = NO;
				CLANG_ANALYZER_NONNULL = YES;
				CLANG_CXX_LANGUAGE_STANDARD = "gnu++0x";
				CLANG_CXX_LIBRARY = "libc++";
				CLANG_ENABLE_MODULES = YES;
				CLANG_ENABLE_OBJC_ARC = YES;
				CLANG_WARN_BOOL_CONVERSION = YES;
				CLANG_WARN_CONSTANT_CONVERSION = YES;
				CLANG_WARN_DIRECT_OBJC_ISA_USAGE = YES_ERROR;
				CLANG_WARN_EMPTY_BODY = YES;
				CLANG_WARN_ENUM_CONVERSION = YES;
				CLANG_WARN_INT_CONVERSION = YES;
				CLANG_WARN_OBJC_ROOT_CLASS = YES_ERROR;
				CLANG_WARN_UNREACHABLE_CODE = YES;
				CLANG_WARN__DUPLICATE_METHOD_MATCH = YES;
				"CODE_SIGN_IDENTITY[sdk=iphoneos*]" = "iPhone Developer";
				COPY_PHASE_STRIP = NO;
				DEBUG_INFORMATION_FORMAT = "dwarf-with-dsym";
				ENABLE_NS_ASSERTIONS = NO;
				ENABLE_STRICT_OBJC_MSGSEND = YES;
				GCC_C_LANGUAGE_STANDARD = gnu99;
				GCC_NO_COMMON_BLOCKS = YES;
				GCC_WARN_64_TO_32_BIT_CONVERSION = YES;
				GCC_WARN_ABOUT_RETURN_TYPE = YES_ERROR;
				GCC_WARN_UNDECLARED_SELECTOR = YES;
				GCC_WARN_UNINITIALIZED_AUTOS = YES_AGGRESSIVE;
				GCC_WARN_UNUSED_FUNCTION = YES;
				GCC_WARN_UNUSED_VARIABLE = YES;
				IPHONEOS_DEPLOYMENT_TARGET = 9.3;
				MTL_ENABLE_DEBUG_INFO = NO;
				SDKROOT = iphoneos;
				TARGETED_DEVICE_FAMILY = "1,2";
				VALIDATE_PRODUCT = YES;
			};
			name = Release;
		};
		150E1CC31D52578600F532FE /* Debug */ = {
			isa = XCBuildConfiguration;
			buildSettings = {
				ASSETCATALOG_COMPILER_APPICON_NAME = AppIcon;
				INFOPLIST_FILE = TapToColor/Info.plist;
				LD_RUNPATH_SEARCH_PATHS = "$(inherited) @executable_path/Frameworks";
				PRODUCT_BUNDLE_IDENTIFIER = com.Hkapp.TapToColor;
				PRODUCT_NAME = "$(TARGET_NAME)";
			};
			name = Debug;
		};
		150E1CC41D52578600F532FE /* Release */ = {
			isa = XCBuildConfiguration;
			buildSettings = {
				ASSETCATALOG_COMPILER_APPICON_NAME = AppIcon;
				INFOPLIST_FILE = TapToColor/Info.plist;
				LD_RUNPATH_SEARCH_PATHS = "$(inherited) @executable_path/Frameworks";
				PRODUCT_BUNDLE_IDENTIFIER = com.Hkapp.TapToColor;
				PRODUCT_NAME = "$(TARGET_NAME)";
			};
			name = Release;
		};
/* End XCBuildConfiguration section */

/* Begin XCConfigurationList section */
		150E1CA91D52578600F532FE /* Build configuration list for PBXProject "TapToColor" */ = {
			isa = XCConfigurationList;
			buildConfigurations = (
				150E1CC01D52578600F532FE /* Debug */,
				150E1CC11D52578600F532FE /* Release */,
			);
			defaultConfigurationIsVisible = 0;
			defaultConfigurationName = Release;
		};
		150E1CC21D52578600F532FE /* Build configuration list for PBXNativeTarget "TapToColor" */ = {
			isa = XCConfigurationList;
			buildConfigurations = (
				150E1CC31D52578600F532FE /* Debug */,
				150E1CC41D52578600F532FE /* Release */,
			);
			defaultConfigurationIsVisible = 0;
		};
/* End XCConfigurationList section */
	};
	rootObject = 150E1CA61D52578600F532FE /* Project object */;
}
