// !$*UTF8*$!
{
	archiveVersion = 1;
	classes = {
	};
	objectVersion = 46;
	objects = {

/* Begin PBXBuildFile section */
		154E7CF91D5104C10011F659 /* AppDelegate.swift in Sources */ = {isa = PBXBuildFile; fileRef = 154E7CF81D5104C10011F659 /* AppDelegate.swift */; };
		154E7CFB1D5104C10011F659 /* ViewController.swift in Sources */ = {isa = PBXBuildFile; fileRef = 154E7CFA1D5104C10011F659 /* ViewController.swift */; };
		154E7CFE1D5104C10011F659 /* Main.storyboard in Resources */ = {isa = PBXBuildFile; fileRef = 154E7CFC1D5104C10011F659 /* Main.storyboard */; };
		154E7D001D5104C20011F659 /* Assets.xcassets in Resources */ = {isa = PBXBuildFile; fileRef = 154E7CFF1D5104C20011F659 /* Assets.xcassets */; };
		154E7D031D5104C20011F659 /* LaunchScreen.storyboard in Resources */ = {isa = PBXBuildFile; fileRef = 154E7D011D5104C20011F659 /* LaunchScreen.storyboard */; };
		155079821D77A23D007E5356 /* bite.wav in Resources */ = {isa = PBXBuildFile; fileRef = 1550797D1D77A23D007E5356 /* bite.wav */; };
		155079831D77A23D007E5356 /* cave-music.mp3 in Resources */ = {isa = PBXBuildFile; fileRef = 1550797E1D77A23D007E5356 /* cave-music.mp3 */; };
		155079841D77A23D007E5356 /* death.wav in Resources */ = {isa = PBXBuildFile; fileRef = 1550797F1D77A23D007E5356 /* death.wav */; };
		155079851D77A23D007E5356 /* heart.wav in Resources */ = {isa = PBXBuildFile; fileRef = 155079801D77A23D007E5356 /* heart.wav */; };
		155079861D77A23D007E5356 /* skull.wav in Resources */ = {isa = PBXBuildFile; fileRef = 155079811D77A23D007E5356 /* skull.wav */; };
		1550C9381D5D463D00FEFB0E /* DragImg.swift in Sources */ = {isa = PBXBuildFile; fileRef = 1550C9371D5D463D00FEFB0E /* DragImg.swift */; };
		156FAA9F1D5E2D0D00706039 /* MonsterImg.swift in Sources */ = {isa = PBXBuildFile; fileRef = 156FAA9E1D5E2D0D00706039 /* MonsterImg.swift */; };
/* End PBXBuildFile section */

/* Begin PBXFileReference section */
		154E7CF51D5104C10011F659 /* MyLittleMonster.app */ = {isa = PBXFileReference; explicitFileType = wrapper.application; includeInIndex = 0; path = MyLittleMonster.app; sourceTree = BUILT_PRODUCTS_DIR; };
		154E7CF81D5104C10011F659 /* AppDelegate.swift */ = {isa = PBXFileReference; lastKnownFileType = sourcecode.swift; path = AppDelegate.swift; sourceTree = "<group>"; };
		154E7CFA1D5104C10011F659 /* ViewController.swift */ = {isa = PBXFileReference; lastKnownFileType = sourcecode.swift; path = ViewController.swift; sourceTree = "<group>"; };
		154E7CFD1D5104C10011F659 /* Base */ = {isa = PBXFileReference; lastKnownFileType = file.storyboard; name = Base; path = Base.lproj/Main.storyboard; sourceTree = "<group>"; };
		154E7CFF1D5104C20011F659 /* Assets.xcassets */ = {isa = PBXFileReference; lastKnownFileType = folder.assetcatalog; path = Assets.xcassets; sourceTree = "<group>"; };
		154E7D021D5104C20011F659 /* Base */ = {isa = PBXFileReference; lastKnownFileType = file.storyboard; name = Base; path = Base.lproj/LaunchScreen.storyboard; sourceTree = "<group>"; };
		154E7D041D5104C20011F659 /* Info.plist */ = {isa = PBXFileReference; lastKnownFileType = text.plist.xml; path = Info.plist; sourceTree = "<group>"; };
		1550797D1D77A23D007E5356 /* bite.wav */ = {isa = PBXFileReference; lastKnownFileType = audio.wav; path = bite.wav; sourceTree = "<group>"; };
		1550797E1D77A23D007E5356 /* cave-music.mp3 */ = {isa = PBXFileReference; lastKnownFileType = audio.mp3; path = "cave-music.mp3"; sourceTree = "<group>"; };
		1550797F1D77A23D007E5356 /* death.wav */ = {isa = PBXFileReference; lastKnownFileType = audio.wav; path = death.wav; sourceTree = "<group>"; };
		155079801D77A23D007E5356 /* heart.wav */ = {isa = PBXFileReference; lastKnownFileType = audio.wav; path = heart.wav; sourceTree = "<group>"; };
		155079811D77A23D007E5356 /* skull.wav */ = {isa = PBXFileReference; lastKnownFileType = audio.wav; path = skull.wav; sourceTree = "<group>"; };
		1550C9371D5D463D00FEFB0E /* DragImg.swift */ = {isa = PBXFileReference; fileEncoding = 4; lastKnownFileType = sourcecode.swift; path = DragImg.swift; sourceTree = "<group>"; };
		156FAA9E1D5E2D0D00706039 /* MonsterImg.swift */ = {isa = PBXFileReference; fileEncoding = 4; lastKnownFileType = sourcecode.swift; path = MonsterImg.swift; sourceTree = "<group>"; };
/* End PBXFileReference section */

/* Begin PBXFrameworksBuildPhase section */
		154E7CF21D5104C10011F659 /* Frameworks */ = {
			isa = PBXFrameworksBuildPhase;
			buildActionMask = 2147483647;
			files = (
			);
			runOnlyForDeploymentPostprocessing = 0;
		};
/* End PBXFrameworksBuildPhase section */

/* Begin PBXGroup section */
		154E7CEC1D5104C10011F659 = {
			isa = PBXGroup;
			children = (
				154E7CF71D5104C10011F659 /* MyLittleMonster */,
				154E7CF61D5104C10011F659 /* Products */,
			);
			sourceTree = "<group>";
		};
		154E7CF61D5104C10011F659 /* Products */ = {
			isa = PBXGroup;
			children = (
				154E7CF51D5104C10011F659 /* MyLittleMonster.app */,
			);
			name = Products;
			sourceTree = "<group>";
		};
		154E7CF71D5104C10011F659 /* MyLittleMonster */ = {
			isa = PBXGroup;
			children = (
				154E7CF81D5104C10011F659 /* AppDelegate.swift */,
				154E7CFA1D5104C10011F659 /* ViewController.swift */,
				154E7CFC1D5104C10011F659 /* Main.storyboard */,
				1550797D1D77A23D007E5356 /* bite.wav */,
				1550797E1D77A23D007E5356 /* cave-music.mp3 */,
				1550797F1D77A23D007E5356 /* death.wav */,
				155079801D77A23D007E5356 /* heart.wav */,
				155079811D77A23D007E5356 /* skull.wav */,
				154E7CFF1D5104C20011F659 /* Assets.xcassets */,
				154E7D011D5104C20011F659 /* LaunchScreen.storyboard */,
				154E7D041D5104C20011F659 /* Info.plist */,
				1550C9371D5D463D00FEFB0E /* DragImg.swift */,
				156FAA9E1D5E2D0D00706039 /* MonsterImg.swift */,
			);
			path = MyLittleMonster;
			sourceTree = "<group>";
		};
/* End PBXGroup section */

/* Begin PBXNativeTarget section */
		154E7CF41D5104C10011F659 /* MyLittleMonster */ = {
			isa = PBXNativeTarget;
			buildConfigurationList = 154E7D071D5104C20011F659 /* Build configuration list for PBXNativeTarget "MyLittleMonster" */;
			buildPhases = (
				154E7CF11D5104C10011F659 /* Sources */,
				154E7CF21D5104C10011F659 /* Frameworks */,
				154E7CF31D5104C10011F659 /* Resources */,
			);
			buildRules = (
			);
			dependencies = (
			);
			name = MyLittleMonster;
			productName = MyLittleMonster;
			productReference = 154E7CF51D5104C10011F659 /* MyLittleMonster.app */;
			productType = "com.apple.product-type.application";
		};
/* End PBXNativeTarget section */

/* Begin PBXProject section */
		154E7CED1D5104C10011F659 /* Project object */ = {
			isa = PBXProject;
			attributes = {
				LastSwiftUpdateCheck = 0730;
				LastUpgradeCheck = 0730;
				ORGANIZATIONNAME = Hkapp;
				TargetAttributes = {
					154E7CF41D5104C10011F659 = {
						CreatedOnToolsVersion = 7.3.1;
					};
				};
			};
			buildConfigurationList = 154E7CF01D5104C10011F659 /* Build configuration list for PBXProject "MyLittleMonster" */;
			compatibilityVersion = "Xcode 3.2";
			developmentRegion = English;
			hasScannedForEncodings = 0;
			knownRegions = (
				en,
				Base,
			);
			mainGroup = 154E7CEC1D5104C10011F659;
			productRefGroup = 154E7CF61D5104C10011F659 /* Products */;
			projectDirPath = "";
			projectRoot = "";
			targets = (
				154E7CF41D5104C10011F659 /* MyLittleMonster */,
			);
		};
/* End PBXProject section */

/* Begin PBXResourcesBuildPhase section */
		154E7CF31D5104C10011F659 /* Resources */ = {
			isa = PBXResourcesBuildPhase;
			buildActionMask = 2147483647;
			files = (
				155079861D77A23D007E5356 /* skull.wav in Resources */,
				155079821D77A23D007E5356 /* bite.wav in Resources */,
				155079841D77A23D007E5356 /* death.wav in Resources */,
				155079851D77A23D007E5356 /* heart.wav in Resources */,
				155079831D77A23D007E5356 /* cave-music.mp3 in Resources */,
				154E7D031D5104C20011F659 /* LaunchScreen.storyboard in Resources */,
				154E7D001D5104C20011F659 /* Assets.xcassets in Resources */,
				154E7CFE1D5104C10011F659 /* Main.storyboard in Resources */,
			);
			runOnlyForDeploymentPostprocessing = 0;
		};
/* End PBXResourcesBuildPhase section */

/* Begin PBXSourcesBuildPhase section */
		154E7CF11D5104C10011F659 /* Sources */ = {
			isa = PBXSourcesBuildPhase;
			buildActionMask = 2147483647;
			files = (
				156FAA9F1D5E2D0D00706039 /* MonsterImg.swift in Sources */,
				1550C9381D5D463D00FEFB0E /* DragImg.swift in Sources */,
				154E7CFB1D5104C10011F659 /* ViewController.swift in Sources */,
				154E7CF91D5104C10011F659 /* AppDelegate.swift in Sources */,
			);
			runOnlyForDeploymentPostprocessing = 0;
		};
/* End PBXSourcesBuildPhase section */

/* Begin PBXVariantGroup section */
		154E7CFC1D5104C10011F659 /* Main.storyboard */ = {
			isa = PBXVariantGroup;
			children = (
				154E7CFD1D5104C10011F659 /* Base */,
			);
			name = Main.storyboard;
			sourceTree = "<group>";
		};
		154E7D011D5104C20011F659 /* LaunchScreen.storyboard */ = {
			isa = PBXVariantGroup;
			children = (
				154E7D021D5104C20011F659 /* Base */,
			);
			name = LaunchScreen.storyboard;
			sourceTree = "<group>";
		};
/* End PBXVariantGroup section */

/* Begin XCBuildConfiguration section */
		154E7D051D5104C20011F659 /* Debug */ = {
			isa = XCBuildConfiguration;
			buildSettings = {
				ALWAYS_SEARCH_USER_PATHS = NO;
				CLANG_ANALYZER_NONNULL = YES;
				CLANG_CXX_LANGUAGE_STANDARD = "gnu++0x";
				CLANG_CXX_LIBRARY = "libc++";
				CLANG_ENABLE_MODULES = YES;
				CLANG_ENABLE_OBJC_ARC = YES;
				CLANG_WARN_BOOL_CONVERSION = YES;
				CLANG_WARN_CONSTANT_CONVERSION = YES;
				CLANG_WARN_DIRECT_OBJC_ISA_USAGE = YES_ERROR;
				CLANG_WARN_EMPTY_BODY = YES;
				CLANG_WARN_ENUM_CONVERSION = YES;
				CLANG_WARN_INT_CONVERSION = YES;
				CLANG_WARN_OBJC_ROOT_CLASS = YES_ERROR;
				CLANG_WARN_UNREACHABLE_CODE = YES;
				CLANG_WARN__DUPLICATE_METHOD_MATCH = YES;
				"CODE_SIGN_IDENTITY[sdk=iphoneos*]" = "iPhone Developer";
				COPY_PHASE_STRIP = NO;
				DEBUG_INFORMATION_FORMAT = dwarf;
				ENABLE_STRICT_OBJC_MSGSEND = YES;
				ENABLE_TESTABILITY = YES;
				GCC_C_LANGUAGE_STANDARD = gnu99;
				GCC_DYNAMIC_NO_PIC = NO;
				GCC_NO_COMMON_BLOCKS = YES;
				GCC_OPTIMIZATION_LEVEL = 0;
				GCC_PREPROCESSOR_DEFINITIONS = (
					"DEBUG=1",
					"$(inherited)",
				);
				GCC_WARN_64_TO_32_BIT_CONVERSION = YES;
				GCC_WARN_ABOUT_RETURN_TYPE = YES_ERROR;
				GCC_WARN_UNDECLARED_SELECTOR = YES;
				GCC_WARN_UNINITIALIZED_AUTOS = YES_AGGRESSIVE;
				GCC_WARN_UNUSED_FUNCTION = YES;
				GCC_WARN_UNUSED_VARIABLE = YES;
				IPHONEOS_DEPLOYMENT_TARGET = 9.3;
				MTL_ENABLE_DEBUG_INFO = YES;
				ONLY_ACTIVE_ARCH = YES;
				SDKROOT = iphoneos;
				SWIFT_OPTIMIZATION_LEVEL = "-Onone";
				TARGETED_DEVICE_FAMILY = "1,2";
			};
			name = Debug;
		};
		154E7D061D5104C20011F659 /* Release */ = {
			isa = XCBuildConfiguration;
			buildSettings = {
				ALWAYS_SEARCH_USER_PATHS = NO;
				CLANG_ANALYZER_NONNULL = YES;
				CLANG_CXX_LANGUAGE_STANDARD = "gnu++0x";
				CLANG_CXX_LIBRARY = "libc++";
				CLANG_ENABLE_MODULES = YES;
				CLANG_ENABLE_OBJC_ARC = YES;
				CLANG_WARN_BOOL_CONVERSION = YES;
				CLANG_WARN_CONSTANT_CONVERSION = YES;
				CLANG_WARN_DIRECT_OBJC_ISA_USAGE = YES_ERROR;
				CLANG_WARN_EMPTY_BODY = YES;
				CLANG_WARN_ENUM_CONVERSION = YES;
				CLANG_WARN_INT_CONVERSION = YES;
				CLANG_WARN_OBJC_ROOT_CLASS = YES_ERROR;
				CLANG_WARN_UNREACHABLE_CODE = YES;
				CLANG_WARN__DUPLICATE_METHOD_MATCH = YES;
				"CODE_SIGN_IDENTITY[sdk=iphoneos*]" = "iPhone Developer";
				COPY_PHASE_STRIP = NO;
				DEBUG_INFORMATION_FORMAT = "dwarf-with-dsym";
				ENABLE_NS_ASSERTIONS = NO;
				ENABLE_STRICT_OBJC_MSGSEND = YES;
				GCC_C_LANGUAGE_STANDARD = gnu99;
				GCC_NO_COMMON_BLOCKS = YES;
				GCC_WARN_64_TO_32_BIT_CONVERSION = YES;
				GCC_WARN_ABOUT_RETURN_TYPE = YES_ERROR;
				GCC_WARN_UNDECLARED_SELECTOR = YES;
				GCC_WARN_UNINITIALIZED_AUTOS = YES_AGGRESSIVE;
				GCC_WARN_UNUSED_FUNCTION = YES;
				GCC_WARN_UNUSED_VARIABLE = YES;
				IPHONEOS_DEPLOYMENT_TARGET = 9.3;
				MTL_ENABLE_DEBUG_INFO = NO;
				SDKROOT = iphoneos;
				TARGETED_DEVICE_FAMILY = "1,2";
				VALIDATE_PRODUCT = YES;
			};
			name = Release;
		};
		154E7D081D5104C20011F659 /* Debug */ = {
			isa = XCBuildConfiguration;
			buildSettings = {
				ASSETCATALOG_COMPILER_APPICON_NAME = AppIcon;
				INFOPLIST_FILE = MyLittleMonster/Info.plist;
				LD_RUNPATH_SEARCH_PATHS = "$(inherited) @executable_path/Frameworks";
				PRODUCT_BUNDLE_IDENTIFIER = com.Hkapp.MyLittleMonster;
				PRODUCT_NAME = "$(TARGET_NAME)";
			};
			name = Debug;
		};
		154E7D091D5104C20011F659 /* Release */ = {
			isa = XCBuildConfiguration;
			buildSettings = {
				ASSETCATALOG_COMPILER_APPICON_NAME = AppIcon;
				INFOPLIST_FILE = MyLittleMonster/Info.plist;
				LD_RUNPATH_SEARCH_PATHS = "$(inherited) @executable_path/Frameworks";
				PRODUCT_BUNDLE_IDENTIFIER = com.Hkapp.MyLittleMonster;
				PRODUCT_NAME = "$(TARGET_NAME)";
			};
			name = Release;
		};
/* End XCBuildConfiguration section */

/* Begin XCConfigurationList section */
		154E7CF01D5104C10011F659 /* Build configuration list for PBXProject "MyLittleMonster" */ = {
			isa = XCConfigurationList;
			buildConfigurations = (
				154E7D051D5104C20011F659 /* Debug */,
				154E7D061D5104C20011F659 /* Release */,
			);
			defaultConfigurationIsVisible = 0;
			defaultConfigurationName = Release;
		};
		154E7D071D5104C20011F659 /* Build configuration list for PBXNativeTarget "MyLittleMonster" */ = {
			isa = XCConfigurationList;
			buildConfigurations = (
				154E7D081D5104C20011F659 /* Debug */,
				154E7D091D5104C20011F659 /* Release */,
			);
			defaultConfigurationIsVisible = 0;
			defaultConfigurationName = Release;
		};
/* End XCConfigurationList section */
	};
	rootObject = 154E7CED1D5104C10011F659 /* Project object */;
}
