PODS:
  - Bolts (1.8.4):
    - Bolts/AppLinks (= 1.8.4)
    - Bolts/Tasks (= 1.8.4)
  - Bolts/AppLinks (1.8.4):
    - Bolts/Tasks
  - Bolts/Tasks (1.8.4)
  - FBSDKCoreKit (4.14.0):
    - Bolts (~> 1.7)
  - FBSDKLoginKit (4.14.0):
    - FBSDKCoreKit
  - FBSDKShareKit (4.14.0):
    - FBSDKCoreKit
  - Realm (1.0.2):
    - Realm/Headers (= 1.0.2)
  - Realm/Headers (1.0.2)
  - RealmSwift (1.0.2):
    - Realm (= 1.0.2)

DEPENDENCIES:
  - FBSDKCoreKit (~> 4.14)
  - FBSDKLoginKit (~> 4.14)
  - FBSDKShareKit (~> 4.14)
  - RealmSwift

SPEC CHECKSUMS:
  Bolts: 8a7995239dbe724f9cba2248b766d48b7ebdd322
  FBSDKCoreKit: 6e020b5db0b5bd1e01f5fb0902131befd129a502
  FBSDKLoginKit: da563567a108050ef83739c8c8c001ee9e25fa13
  FBSDKShareKit: e8e5d4ccef69b41132fe33acda26db1e33143e33
  Realm: 9d5c46a4d7d27958530a8dfc58f63a99e5c2cba3
  RealmSwift: 82f3ac5e24530143dddfde2033acc0d308f27d96

PODFILE CHECKSUM: c67a5c5f3f7ae05ef240362716561da4e9c7014d

COCOAPODS: 1.0.1
