// !$*UTF8*$!
{
	archiveVersion = 1;
	classes = {
	};
	objectVersion = 46;
	objects = {

/* Begin PBXBuildFile section */
		1544E5BC1D5A2AB80017AA1E /* Person.swift in Sources */ = {isa = PBXBuildFile; fileRef = 1544E5BB1D5A2AB80017AA1E /* Person.swift */; };
		15851FCF1D591A02000E8FBC /* AppDelegate.swift in Sources */ = {isa = PBXBuildFile; fileRef = 15851FCE1D591A02000E8FBC /* AppDelegate.swift */; };
		15851FD11D591A02000E8FBC /* ViewController.swift in Sources */ = {isa = PBXBuildFile; fileRef = 15851FD01D591A02000E8FBC /* ViewController.swift */; };
		15851FD41D591A02000E8FBC /* Main.storyboard in Resources */ = {isa = PBXBuildFile; fileRef = 15851FD21D591A02000E8FBC /* Main.storyboard */; };
		15851FD61D591A02000E8FBC /* Assets.xcassets in Resources */ = {isa = PBXBuildFile; fileRef = 15851FD51D591A02000E8FBC /* Assets.xcassets */; };
		15851FD91D591A02000E8FBC /* LaunchScreen.storyboard in Resources */ = {isa = PBXBuildFile; fileRef = 15851FD71D591A02000E8FBC /* LaunchScreen.storyboard */; };
		35F3521F0ACA1C485499B7D6 /* Pods_RealmTest.framework in Frameworks */ = {isa = PBXBuildFile; fileRef = 6E4784DEAD9A4AE5AB4C1A7C /* Pods_RealmTest.framework */; };
/* End PBXBuildFile section */

/* Begin PBXFileReference section */
		1544E5BB1D5A2AB80017AA1E /* Person.swift */ = {isa = PBXFileReference; fileEncoding = 4; lastKnownFileType = sourcecode.swift; path = Person.swift; sourceTree = "<group>"; };
		15851FCB1D591A02000E8FBC /* RealmTest.app */ = {isa = PBXFileReference; explicitFileType = wrapper.application; includeInIndex = 0; path = RealmTest.app; sourceTree = BUILT_PRODUCTS_DIR; };
		15851FCE1D591A02000E8FBC /* AppDelegate.swift */ = {isa = PBXFileReference; lastKnownFileType = sourcecode.swift; path = AppDelegate.swift; sourceTree = "<group>"; };
		15851FD01D591A02000E8FBC /* ViewController.swift */ = {isa = PBXFileReference; lastKnownFileType = sourcecode.swift; path = ViewController.swift; sourceTree = "<group>"; };
		15851FD31D591A02000E8FBC /* Base */ = {isa = PBXFileReference; lastKnownFileType = file.storyboard; name = Base; path = Base.lproj/Main.storyboard; sourceTree = "<group>"; };
		15851FD51D591A02000E8FBC /* Assets.xcassets */ = {isa = PBXFileReference; lastKnownFileType = folder.assetcatalog; path = Assets.xcassets; sourceTree = "<group>"; };
		15851FD81D591A02000E8FBC /* Base */ = {isa = PBXFileReference; lastKnownFileType = file.storyboard; name = Base; path = Base.lproj/LaunchScreen.storyboard; sourceTree = "<group>"; };
		15851FDA1D591A02000E8FBC /* Info.plist */ = {isa = PBXFileReference; lastKnownFileType = text.plist.xml; path = Info.plist; sourceTree = "<group>"; };
		6E4784DEAD9A4AE5AB4C1A7C /* Pods_RealmTest.framework */ = {isa = PBXFileReference; explicitFileType = wrapper.framework; includeInIndex = 0; path = Pods_RealmTest.framework; sourceTree = BUILT_PRODUCTS_DIR; };
		99521F8FC4880A6C811F9598 /* Pods-RealmTest.release.xcconfig */ = {isa = PBXFileReference; includeInIndex = 1; lastKnownFileType = text.xcconfig; name = "Pods-RealmTest.release.xcconfig"; path = "Pods/Target Support Files/Pods-RealmTest/Pods-RealmTest.release.xcconfig"; sourceTree = "<group>"; };
		D57E901AA31A77622A8AA6C3 /* Pods-RealmTest.debug.xcconfig */ = {isa = PBXFileReference; includeInIndex = 1; lastKnownFileType = text.xcconfig; name = "Pods-RealmTest.debug.xcconfig"; path = "Pods/Target Support Files/Pods-RealmTest/Pods-RealmTest.debug.xcconfig"; sourceTree = "<group>"; };
/* End PBXFileReference section */

/* Begin PBXFrameworksBuildPhase section */
		15851FC81D591A02000E8FBC /* Frameworks */ = {
			isa = PBXFrameworksBuildPhase;
			buildActionMask = 2147483647;
			files = (
				35F3521F0ACA1C485499B7D6 /* Pods_RealmTest.framework in Frameworks */,
			);
			runOnlyForDeploymentPostprocessing = 0;
		};
/* End PBXFrameworksBuildPhase section */

/* Begin PBXGroup section */
		15851FC21D591A02000E8FBC = {
			isa = PBXGroup;
			children = (
				15851FCD1D591A02000E8FBC /* RealmTest */,
				15851FCC1D591A02000E8FBC /* Products */,
				43961FA4DCF93C050A02B027 /* Pods */,
				DC7B26DE6DA5BEF900131789 /* Frameworks */,
			);
			sourceTree = "<group>";
		};
		15851FCC1D591A02000E8FBC /* Products */ = {
			isa = PBXGroup;
			children = (
				15851FCB1D591A02000E8FBC /* RealmTest.app */,
			);
			name = Products;
			sourceTree = "<group>";
		};
		15851FCD1D591A02000E8FBC /* RealmTest */ = {
			isa = PBXGroup;
			children = (
				15851FCE1D591A02000E8FBC /* AppDelegate.swift */,
				15851FD01D591A02000E8FBC /* ViewController.swift */,
				15851FD21D591A02000E8FBC /* Main.storyboard */,
				15851FD51D591A02000E8FBC /* Assets.xcassets */,
				15851FD71D591A02000E8FBC /* LaunchScreen.storyboard */,
				15851FDA1D591A02000E8FBC /* Info.plist */,
				1544E5BB1D5A2AB80017AA1E /* Person.swift */,
			);
			path = RealmTest;
			sourceTree = "<group>";
		};
		43961FA4DCF93C050A02B027 /* Pods */ = {
			isa = PBXGroup;
			children = (
				D57E901AA31A77622A8AA6C3 /* Pods-RealmTest.debug.xcconfig */,
				99521F8FC4880A6C811F9598 /* Pods-RealmTest.release.xcconfig */,
			);
			name = Pods;
			sourceTree = "<group>";
		};
		DC7B26DE6DA5BEF900131789 /* Frameworks */ = {
			isa = PBXGroup;
			children = (
				6E4784DEAD9A4AE5AB4C1A7C /* Pods_RealmTest.framework */,
			);
			name = Frameworks;
			sourceTree = "<group>";
		};
/* End PBXGroup section */

/* Begin PBXNativeTarget section */
		15851FCA1D591A02000E8FBC /* RealmTest */ = {
			isa = PBXNativeTarget;
			buildConfigurationList = 15851FDD1D591A02000E8FBC /* Build configuration list for PBXNativeTarget "RealmTest" */;
			buildPhases = (
				1D954528659E38C8117DF4B2 /* [CP] Check Pods Manifest.lock */,
				15851FC71D591A02000E8FBC /* Sources */,
				15851FC81D591A02000E8FBC /* Frameworks */,
				15851FC91D591A02000E8FBC /* Resources */,
				DD85F9980FE3C56D4A79A2CF /* [CP] Embed Pods Frameworks */,
				C57E37D05D0D81047E004B7C /* [CP] Copy Pods Resources */,
			);
			buildRules = (
			);
			dependencies = (
			);
			name = RealmTest;
			productName = RealmTest;
			productReference = 15851FCB1D591A02000E8FBC /* RealmTest.app */;
			productType = "com.apple.product-type.application";
		};
/* End PBXNativeTarget section */

/* Begin PBXProject section */
		15851FC31D591A02000E8FBC /* Project object */ = {
			isa = PBXProject;
			attributes = {
				LastSwiftUpdateCheck = 0730;
				LastUpgradeCheck = 0730;
				ORGANIZATIONNAME = Hkapp;
				TargetAttributes = {
					15851FCA1D591A02000E8FBC = {
						CreatedOnToolsVersion = 7.3.1;
					};
				};
			};
			buildConfigurationList = 15851FC61D591A02000E8FBC /* Build configuration list for PBXProject "RealmTest" */;
			compatibilityVersion = "Xcode 3.2";
			developmentRegion = English;
			hasScannedForEncodings = 0;
			knownRegions = (
				en,
				Base,
			);
			mainGroup = 15851FC21D591A02000E8FBC;
			productRefGroup = 15851FCC1D591A02000E8FBC /* Products */;
			projectDirPath = "";
			projectRoot = "";
			targets = (
				15851FCA1D591A02000E8FBC /* RealmTest */,
			);
		};
/* End PBXProject section */

/* Begin PBXResourcesBuildPhase section */
		15851FC91D591A02000E8FBC /* Resources */ = {
			isa = PBXResourcesBuildPhase;
			buildActionMask = 2147483647;
			files = (
				15851FD91D591A02000E8FBC /* LaunchScreen.storyboard in Resources */,
				15851FD61D591A02000E8FBC /* Assets.xcassets in Resources */,
				15851FD41D591A02000E8FBC /* Main.storyboard in Resources */,
			);
			runOnlyForDeploymentPostprocessing = 0;
		};
/* End PBXResourcesBuildPhase section */

/* Begin PBXShellScriptBuildPhase section */
		1D954528659E38C8117DF4B2 /* [CP] Check Pods Manifest.lock */ = {
			isa = PBXShellScriptBuildPhase;
			buildActionMask = 2147483647;
			files = (
			);
			inputPaths = (
			);
			name = "[CP] Check Pods Manifest.lock";
			outputPaths = (
			);
			runOnlyForDeploymentPostprocessing = 0;
			shellPath = /bin/sh;
			shellScript = "diff \"${PODS_ROOT}/../Podfile.lock\" \"${PODS_ROOT}/Manifest.lock\" > /dev/null\nif [[ $? != 0 ]] ; then\n    cat << EOM\nerror: The sandbox is not in sync with the Podfile.lock. Run 'pod install' or update your CocoaPods installation.\nEOM\n    exit 1\nfi\n";
			showEnvVarsInLog = 0;
		};
		C57E37D05D0D81047E004B7C /* [CP] Copy Pods Resources */ = {
			isa = PBXShellScriptBuildPhase;
			buildActionMask = 2147483647;
			files = (
			);
			inputPaths = (
			);
			name = "[CP] Copy Pods Resources";
			outputPaths = (
			);
			runOnlyForDeploymentPostprocessing = 0;
			shellPath = /bin/sh;
			shellScript = "\"${SRCROOT}/Pods/Target Support Files/Pods-RealmTest/Pods-RealmTest-resources.sh\"\n";
			showEnvVarsInLog = 0;
		};
		DD85F9980FE3C56D4A79A2CF /* [CP] Embed Pods Frameworks */ = {
			isa = PBXShellScriptBuildPhase;
			buildActionMask = 2147483647;
			files = (
			);
			inputPaths = (
			);
			name = "[CP] Embed Pods Frameworks";
			outputPaths = (
			);
			runOnlyForDeploymentPostprocessing = 0;
			shellPath = /bin/sh;
			shellScript = "\"${SRCROOT}/Pods/Target Support Files/Pods-RealmTest/Pods-RealmTest-frameworks.sh\"\n";
			showEnvVarsInLog = 0;
		};
/* End PBXShellScriptBuildPhase section */

/* Begin PBXSourcesBuildPhase section */
		15851FC71D591A02000E8FBC /* Sources */ = {
			isa = PBXSourcesBuildPhase;
			buildActionMask = 2147483647;
			files = (
				15851FD11D591A02000E8FBC /* ViewController.swift in Sources */,
				15851FCF1D591A02000E8FBC /* AppDelegate.swift in Sources */,
				1544E5BC1D5A2AB80017AA1E /* Person.swift in Sources */,
			);
			runOnlyForDeploymentPostprocessing = 0;
		};
/* End PBXSourcesBuildPhase section */

/* Begin PBXVariantGroup section */
		15851FD21D591A02000E8FBC /* Main.storyboard */ = {
			isa = PBXVariantGroup;
			children = (
				15851FD31D591A02000E8FBC /* Base */,
			);
			name = Main.storyboard;
			sourceTree = "<group>";
		};
		15851FD71D591A02000E8FBC /* LaunchScreen.storyboard */ = {
			isa = PBXVariantGroup;
			children = (
				15851FD81D591A02000E8FBC /* Base */,
			);
			name = LaunchScreen.storyboard;
			sourceTree = "<group>";
		};
/* End PBXVariantGroup section */

/* Begin XCBuildConfiguration section */
		15851FDB1D591A02000E8FBC /* Debug */ = {
			isa = XCBuildConfiguration;
			buildSettings = {
				ALWAYS_SEARCH_USER_PATHS = NO;
				CLANG_ANALYZER_NONNULL = YES;
				CLANG_CXX_LANGUAGE_STANDARD = "gnu++0x";
				CLANG_CXX_LIBRARY = "libc++";
				CLANG_ENABLE_MODULES = YES;
				CLANG_ENABLE_OBJC_ARC = YES;
				CLANG_WARN_BOOL_CONVERSION = YES;
				CLANG_WARN_CONSTANT_CONVERSION = YES;
				CLANG_WARN_DIRECT_OBJC_ISA_USAGE = YES_ERROR;
				CLANG_WARN_EMPTY_BODY = YES;
				CLANG_WARN_ENUM_CONVERSION = YES;
				CLANG_WARN_INT_CONVERSION = YES;
				CLANG_WARN_OBJC_ROOT_CLASS = YES_ERROR;
				CLANG_WARN_UNREACHABLE_CODE = YES;
				CLANG_WARN__DUPLICATE_METHOD_MATCH = YES;
				"CODE_SIGN_IDENTITY[sdk=iphoneos*]" = "iPhone Developer";
				COPY_PHASE_STRIP = NO;
				DEBUG_INFORMATION_FORMAT = dwarf;
				ENABLE_STRICT_OBJC_MSGSEND = YES;
				ENABLE_TESTABILITY = YES;
				GCC_C_LANGUAGE_STANDARD = gnu99;
				GCC_DYNAMIC_NO_PIC = NO;
				GCC_NO_COMMON_BLOCKS = YES;
				GCC_OPTIMIZATION_LEVEL = 0;
				GCC_PREPROCESSOR_DEFINITIONS = (
					"DEBUG=1",
					"$(inherited)",
				);
				GCC_WARN_64_TO_32_BIT_CONVERSION = YES;
				GCC_WARN_ABOUT_RETURN_TYPE = YES_ERROR;
				GCC_WARN_UNDECLARED_SELECTOR = YES;
				GCC_WARN_UNINITIALIZED_AUTOS = YES_AGGRESSIVE;
				GCC_WARN_UNUSED_FUNCTION = YES;
				GCC_WARN_UNUSED_VARIABLE = YES;
				IPHONEOS_DEPLOYMENT_TARGET = 9.3;
				MTL_ENABLE_DEBUG_INFO = YES;
				ONLY_ACTIVE_ARCH = YES;
				SDKROOT = iphoneos;
				SWIFT_OPTIMIZATION_LEVEL = "-Onone";
				TARGETED_DEVICE_FAMILY = "1,2";
			};
			name = Debug;
		};
		15851FDC1D591A02000E8FBC /* Release */ = {
			isa = XCBuildConfiguration;
			buildSettings = {
				ALWAYS_SEARCH_USER_PATHS = NO;
				CLANG_ANALYZER_NONNULL = YES;
				CLANG_CXX_LANGUAGE_STANDARD = "gnu++0x";
				CLANG_CXX_LIBRARY = "libc++";
				CLANG_ENABLE_MODULES = YES;
				CLANG_ENABLE_OBJC_ARC = YES;
				CLANG_WARN_BOOL_CONVERSION = YES;
				CLANG_WARN_CONSTANT_CONVERSION = YES;
				CLANG_WARN_DIRECT_OBJC_ISA_USAGE = YES_ERROR;
				CLANG_WARN_EMPTY_BODY = YES;
				CLANG_WARN_ENUM_CONVERSION = YES;
				CLANG_WARN_INT_CONVERSION = YES;
				CLANG_WARN_OBJC_ROOT_CLASS = YES_ERROR;
				CLANG_WARN_UNREACHABLE_CODE = YES;
				CLANG_WARN__DUPLICATE_METHOD_MATCH = YES;
				"CODE_SIGN_IDENTITY[sdk=iphoneos*]" = "iPhone Developer";
				COPY_PHASE_STRIP = NO;
				DEBUG_INFORMATION_FORMAT = "dwarf-with-dsym";
				ENABLE_NS_ASSERTIONS = NO;
				ENABLE_STRICT_OBJC_MSGSEND = YES;
				GCC_C_LANGUAGE_STANDARD = gnu99;
				GCC_NO_COMMON_BLOCKS = YES;
				GCC_WARN_64_TO_32_BIT_CONVERSION = YES;
				GCC_WARN_ABOUT_RETURN_TYPE = YES_ERROR;
				GCC_WARN_UNDECLARED_SELECTOR = YES;
				GCC_WARN_UNINITIALIZED_AUTOS = YES_AGGRESSIVE;
				GCC_WARN_UNUSED_FUNCTION = YES;
				GCC_WARN_UNUSED_VARIABLE = YES;
				IPHONEOS_DEPLOYMENT_TARGET = 9.3;
				MTL_ENABLE_DEBUG_INFO = NO;
				SDKROOT = iphoneos;
				TARGETED_DEVICE_FAMILY = "1,2";
				VALIDATE_PRODUCT = YES;
			};
			name = Release;
		};
		15851FDE1D591A02000E8FBC /* Debug */ = {
			isa = XCBuildConfiguration;
			baseConfigurationReference = D57E901AA31A77622A8AA6C3 /* Pods-RealmTest.debug.xcconfig */;
			buildSettings = {
				ASSETCATALOG_COMPILER_APPICON_NAME = AppIcon;
				INFOPLIST_FILE = RealmTest/Info.plist;
				LD_RUNPATH_SEARCH_PATHS = "$(inherited) @executable_path/Frameworks";
				PRODUCT_BUNDLE_IDENTIFIER = com.Hkapp.RealmTest;
				PRODUCT_NAME = "$(TARGET_NAME)";
			};
			name = Debug;
		};
		15851FDF1D591A02000E8FBC /* Release */ = {
			isa = XCBuildConfiguration;
			baseConfigurationReference = 99521F8FC4880A6C811F9598 /* Pods-RealmTest.release.xcconfig */;
			buildSettings = {
				ASSETCATALOG_COMPILER_APPICON_NAME = AppIcon;
				INFOPLIST_FILE = RealmTest/Info.plist;
				LD_RUNPATH_SEARCH_PATHS = "$(inherited) @executable_path/Frameworks";
				PRODUCT_BUNDLE_IDENTIFIER = com.Hkapp.RealmTest;
				PRODUCT_NAME = "$(TARGET_NAME)";
			};
			name = Release;
		};
/* End XCBuildConfiguration section */

/* Begin XCConfigurationList section */
		15851FC61D591A02000E8FBC /* Build configuration list for PBXProject "RealmTest" */ = {
			isa = XCConfigurationList;
			buildConfigurations = (
				15851FDB1D591A02000E8FBC /* Debug */,
				15851FDC1D591A02000E8FBC /* Release */,
			);
			defaultConfigurationIsVisible = 0;
			defaultConfigurationName = Release;
		};
		15851FDD1D591A02000E8FBC /* Build configuration list for PBXNativeTarget "RealmTest" */ = {
			isa = XCConfigurationList;
			buildConfigurations = (
				15851FDE1D591A02000E8FBC /* Debug */,
				15851FDF1D591A02000E8FBC /* Release */,
			);
			defaultConfigurationIsVisible = 0;
			defaultConfigurationName = Release;
		};
/* End XCConfigurationList section */
	};
	rootObject = 15851FC31D591A02000E8FBC /* Project object */;
}
