// !$*UTF8*$!
{
	archiveVersion = 1;
	classes = {
	};
	objectVersion = 46;
	objects = {

/* Begin PBXBuildFile section */
		1544E5CC1D5A572E0017AA1E /* AppDelegate.swift in Sources */ = {isa = PBXBuildFile; fileRef = 1544E5CB1D5A572E0017AA1E /* AppDelegate.swift */; };
		1544E5CE1D5A572E0017AA1E /* ViewController.swift in Sources */ = {isa = PBXBuildFile; fileRef = 1544E5CD1D5A572E0017AA1E /* ViewController.swift */; };
		1544E5D11D5A572E0017AA1E /* Main.storyboard in Resources */ = {isa = PBXBuildFile; fileRef = 1544E5CF1D5A572E0017AA1E /* Main.storyboard */; };
		1544E5D31D5A572E0017AA1E /* Assets.xcassets in Resources */ = {isa = PBXBuildFile; fileRef = 1544E5D21D5A572E0017AA1E /* Assets.xcassets */; };
		1544E5D61D5A572E0017AA1E /* LaunchScreen.storyboard in Resources */ = {isa = PBXBuildFile; fileRef = 1544E5D41D5A572E0017AA1E /* LaunchScreen.storyboard */; };
/* End PBXBuildFile section */

/* Begin PBXFileReference section */
		1544E5C81D5A572E0017AA1E /* AlamoFire.app */ = {isa = PBXFileReference; explicitFileType = wrapper.application; includeInIndex = 0; path = AlamoFire.app; sourceTree = BUILT_PRODUCTS_DIR; };
		1544E5CB1D5A572E0017AA1E /* AppDelegate.swift */ = {isa = PBXFileReference; lastKnownFileType = sourcecode.swift; path = AppDelegate.swift; sourceTree = "<group>"; };
		1544E5CD1D5A572E0017AA1E /* ViewController.swift */ = {isa = PBXFileReference; lastKnownFileType = sourcecode.swift; path = ViewController.swift; sourceTree = "<group>"; };
		1544E5D01D5A572E0017AA1E /* Base */ = {isa = PBXFileReference; lastKnownFileType = file.storyboard; name = Base; path = Base.lproj/Main.storyboard; sourceTree = "<group>"; };
		1544E5D21D5A572E0017AA1E /* Assets.xcassets */ = {isa = PBXFileReference; lastKnownFileType = folder.assetcatalog; path = Assets.xcassets; sourceTree = "<group>"; };
		1544E5D51D5A572E0017AA1E /* Base */ = {isa = PBXFileReference; lastKnownFileType = file.storyboard; name = Base; path = Base.lproj/LaunchScreen.storyboard; sourceTree = "<group>"; };
		1544E5D71D5A572E0017AA1E /* Info.plist */ = {isa = PBXFileReference; lastKnownFileType = text.plist.xml; path = Info.plist; sourceTree = "<group>"; };
/* End PBXFileReference section */

/* Begin PBXFrameworksBuildPhase section */
		1544E5C51D5A572E0017AA1E /* Frameworks */ = {
			isa = PBXFrameworksBuildPhase;
			buildActionMask = 2147483647;
			files = (
			);
			runOnlyForDeploymentPostprocessing = 0;
		};
/* End PBXFrameworksBuildPhase section */

/* Begin PBXGroup section */
		1544E5BF1D5A572D0017AA1E = {
			isa = PBXGroup;
			children = (
				1544E5CA1D5A572E0017AA1E /* AlamoFire */,
				1544E5C91D5A572E0017AA1E /* Products */,
			);
			sourceTree = "<group>";
		};
		1544E5C91D5A572E0017AA1E /* Products */ = {
			isa = PBXGroup;
			children = (
				1544E5C81D5A572E0017AA1E /* AlamoFire.app */,
			);
			name = Products;
			sourceTree = "<group>";
		};
		1544E5CA1D5A572E0017AA1E /* AlamoFire */ = {
			isa = PBXGroup;
			children = (
				1544E5CB1D5A572E0017AA1E /* AppDelegate.swift */,
				1544E5CD1D5A572E0017AA1E /* ViewController.swift */,
				1544E5CF1D5A572E0017AA1E /* Main.storyboard */,
				1544E5D21D5A572E0017AA1E /* Assets.xcassets */,
				1544E5D41D5A572E0017AA1E /* LaunchScreen.storyboard */,
				1544E5D71D5A572E0017AA1E /* Info.plist */,
			);
			path = AlamoFire;
			sourceTree = "<group>";
		};
/* End PBXGroup section */

/* Begin PBXNativeTarget section */
		1544E5C71D5A572E0017AA1E /* AlamoFire */ = {
			isa = PBXNativeTarget;
			buildConfigurationList = 1544E5DA1D5A572E0017AA1E /* Build configuration list for PBXNativeTarget "AlamoFire" */;
			buildPhases = (
				1544E5C41D5A572E0017AA1E /* Sources */,
				1544E5C51D5A572E0017AA1E /* Frameworks */,
				1544E5C61D5A572E0017AA1E /* Resources */,
			);
			buildRules = (
			);
			dependencies = (
			);
			name = AlamoFire;
			productName = AlamoFire;
			productReference = 1544E5C81D5A572E0017AA1E /* AlamoFire.app */;
			productType = "com.apple.product-type.application";
		};
/* End PBXNativeTarget section */

/* Begin PBXProject section */
		1544E5C01D5A572D0017AA1E /* Project object */ = {
			isa = PBXProject;
			attributes = {
				LastSwiftUpdateCheck = 0730;
				LastUpgradeCheck = 0730;
				ORGANIZATIONNAME = Hkapp;
				TargetAttributes = {
					1544E5C71D5A572E0017AA1E = {
						CreatedOnToolsVersion = 7.3.1;
					};
				};
			};
			buildConfigurationList = 1544E5C31D5A572D0017AA1E /* Build configuration list for PBXProject "AlamoFire" */;
			compatibilityVersion = "Xcode 3.2";
			developmentRegion = English;
			hasScannedForEncodings = 0;
			knownRegions = (
				en,
				Base,
			);
			mainGroup = 1544E5BF1D5A572D0017AA1E;
			productRefGroup = 1544E5C91D5A572E0017AA1E /* Products */;
			projectDirPath = "";
			projectRoot = "";
			targets = (
				1544E5C71D5A572E0017AA1E /* AlamoFire */,
			);
		};
/* End PBXProject section */

/* Begin PBXResourcesBuildPhase section */
		1544E5C61D5A572E0017AA1E /* Resources */ = {
			isa = PBXResourcesBuildPhase;
			buildActionMask = 2147483647;
			files = (
				1544E5D61D5A572E0017AA1E /* LaunchScreen.storyboard in Resources */,
				1544E5D31D5A572E0017AA1E /* Assets.xcassets in Resources */,
				1544E5D11D5A572E0017AA1E /* Main.storyboard in Resources */,
			);
			runOnlyForDeploymentPostprocessing = 0;
		};
/* End PBXResourcesBuildPhase section */

/* Begin PBXSourcesBuildPhase section */
		1544E5C41D5A572E0017AA1E /* Sources */ = {
			isa = PBXSourcesBuildPhase;
			buildActionMask = 2147483647;
			files = (
				1544E5CE1D5A572E0017AA1E /* ViewController.swift in Sources */,
				1544E5CC1D5A572E0017AA1E /* AppDelegate.swift in Sources */,
			);
			runOnlyForDeploymentPostprocessing = 0;
		};
/* End PBXSourcesBuildPhase section */

/* Begin PBXVariantGroup section */
		1544E5CF1D5A572E0017AA1E /* Main.storyboard */ = {
			isa = PBXVariantGroup;
			children = (
				1544E5D01D5A572E0017AA1E /* Base */,
			);
			name = Main.storyboard;
			sourceTree = "<group>";
		};
		1544E5D41D5A572E0017AA1E /* LaunchScreen.storyboard */ = {
			isa = PBXVariantGroup;
			children = (
				1544E5D51D5A572E0017AA1E /* Base */,
			);
			name = LaunchScreen.storyboard;
			sourceTree = "<group>";
		};
/* End PBXVariantGroup section */

/* Begin XCBuildConfiguration section */
		1544E5D81D5A572E0017AA1E /* Debug */ = {
			isa = XCBuildConfiguration;
			buildSettings = {
				ALWAYS_SEARCH_USER_PATHS = NO;
				CLANG_ANALYZER_NONNULL = YES;
				CLANG_CXX_LANGUAGE_STANDARD = "gnu++0x";
				CLANG_CXX_LIBRARY = "libc++";
				CLANG_ENABLE_MODULES = YES;
				CLANG_ENABLE_OBJC_ARC = YES;
				CLANG_WARN_BOOL_CONVERSION = YES;
				CLANG_WARN_CONSTANT_CONVERSION = YES;
				CLANG_WARN_DIRECT_OBJC_ISA_USAGE = YES_ERROR;
				CLANG_WARN_EMPTY_BODY = YES;
				CLANG_WARN_ENUM_CONVERSION = YES;
				CLANG_WARN_INT_CONVERSION = YES;
				CLANG_WARN_OBJC_ROOT_CLASS = YES_ERROR;
				CLANG_WARN_UNREACHABLE_CODE = YES;
				CLANG_WARN__DUPLICATE_METHOD_MATCH = YES;
				"CODE_SIGN_IDENTITY[sdk=iphoneos*]" = "iPhone Developer";
				COPY_PHASE_STRIP = NO;
				DEBUG_INFORMATION_FORMAT = dwarf;
				ENABLE_STRICT_OBJC_MSGSEND = YES;
				ENABLE_TESTABILITY = YES;
				GCC_C_LANGUAGE_STANDARD = gnu99;
				GCC_DYNAMIC_NO_PIC = NO;
				GCC_NO_COMMON_BLOCKS = YES;
				GCC_OPTIMIZATION_LEVEL = 0;
				GCC_PREPROCESSOR_DEFINITIONS = (
					"DEBUG=1",
					"$(inherited)",
				);
				GCC_WARN_64_TO_32_BIT_CONVERSION = YES;
				GCC_WARN_ABOUT_RETURN_TYPE = YES_ERROR;
				GCC_WARN_UNDECLARED_SELECTOR = YES;
				GCC_WARN_UNINITIALIZED_AUTOS = YES_AGGRESSIVE;
				GCC_WARN_UNUSED_FUNCTION = YES;
				GCC_WARN_UNUSED_VARIABLE = YES;
				IPHONEOS_DEPLOYMENT_TARGET = 9.3;
				MTL_ENABLE_DEBUG_INFO = YES;
				ONLY_ACTIVE_ARCH = YES;
				SDKROOT = iphoneos;
				SWIFT_OPTIMIZATION_LEVEL = "-Onone";
				TARGETED_DEVICE_FAMILY = "1,2";
			};
			name = Debug;
		};
		1544E5D91D5A572E0017AA1E /* Release */ = {
			isa = XCBuildConfiguration;
			buildSettings = {
				ALWAYS_SEARCH_USER_PATHS = NO;
				CLANG_ANALYZER_NONNULL = YES;
				CLANG_CXX_LANGUAGE_STANDARD = "gnu++0x";
				CLANG_CXX_LIBRARY = "libc++";
				CLANG_ENABLE_MODULES = YES;
				CLANG_ENABLE_OBJC_ARC = YES;
				CLANG_WARN_BOOL_CONVERSION = YES;
				CLANG_WARN_CONSTANT_CONVERSION = YES;
				CLANG_WARN_DIRECT_OBJC_ISA_USAGE = YES_ERROR;
				CLANG_WARN_EMPTY_BODY = YES;
				CLANG_WARN_ENUM_CONVERSION = YES;
				CLANG_WARN_INT_CONVERSION = YES;
				CLANG_WARN_OBJC_ROOT_CLASS = YES_ERROR;
				CLANG_WARN_UNREACHABLE_CODE = YES;
				CLANG_WARN__DUPLICATE_METHOD_MATCH = YES;
				"CODE_SIGN_IDENTITY[sdk=iphoneos*]" = "iPhone Developer";
				COPY_PHASE_STRIP = NO;
				DEBUG_INFORMATION_FORMAT = "dwarf-with-dsym";
				ENABLE_NS_ASSERTIONS = NO;
				ENABLE_STRICT_OBJC_MSGSEND = YES;
				GCC_C_LANGUAGE_STANDARD = gnu99;
				GCC_NO_COMMON_BLOCKS = YES;
				GCC_WARN_64_TO_32_BIT_CONVERSION = YES;
				GCC_WARN_ABOUT_RETURN_TYPE = YES_ERROR;
				GCC_WARN_UNDECLARED_SELECTOR = YES;
				GCC_WARN_UNINITIALIZED_AUTOS = YES_AGGRESSIVE;
				GCC_WARN_UNUSED_FUNCTION = YES;
				GCC_WARN_UNUSED_VARIABLE = YES;
				IPHONEOS_DEPLOYMENT_TARGET = 9.3;
				MTL_ENABLE_DEBUG_INFO = NO;
				SDKROOT = iphoneos;
				TARGETED_DEVICE_FAMILY = "1,2";
				VALIDATE_PRODUCT = YES;
			};
			name = Release;
		};
		1544E5DB1D5A572E0017AA1E /* Debug */ = {
			isa = XCBuildConfiguration;
			buildSettings = {
				ASSETCATALOG_COMPILER_APPICON_NAME = AppIcon;
				INFOPLIST_FILE = AlamoFire/Info.plist;
				LD_RUNPATH_SEARCH_PATHS = "$(inherited) @executable_path/Frameworks";
				PRODUCT_BUNDLE_IDENTIFIER = com.Hkapp.AlamoFire;
				PRODUCT_NAME = "$(TARGET_NAME)";
			};
			name = Debug;
		};
		1544E5DC1D5A572E0017AA1E /* Release */ = {
			isa = XCBuildConfiguration;
			buildSettings = {
				ASSETCATALOG_COMPILER_APPICON_NAME = AppIcon;
				INFOPLIST_FILE = AlamoFire/Info.plist;
				LD_RUNPATH_SEARCH_PATHS = "$(inherited) @executable_path/Frameworks";
				PRODUCT_BUNDLE_IDENTIFIER = com.Hkapp.AlamoFire;
				PRODUCT_NAME = "$(TARGET_NAME)";
			};
			name = Release;
		};
/* End XCBuildConfiguration section */

/* Begin XCConfigurationList section */
		1544E5C31D5A572D0017AA1E /* Build configuration list for PBXProject "AlamoFire" */ = {
			isa = XCConfigurationList;
			buildConfigurations = (
				1544E5D81D5A572E0017AA1E /* Debug */,
				1544E5D91D5A572E0017AA1E /* Release */,
			);
			defaultConfigurationIsVisible = 0;
			defaultConfigurationName = Release;
		};
		1544E5DA1D5A572E0017AA1E /* Build configuration list for PBXNativeTarget "AlamoFire" */ = {
			isa = XCConfigurationList;
			buildConfigurations = (
				1544E5DB1D5A572E0017AA1E /* Debug */,
				1544E5DC1D5A572E0017AA1E /* Release */,
			);
			defaultConfigurationIsVisible = 0;
		};
/* End XCConfigurationList section */
	};
	rootObject = 1544E5C01D5A572D0017AA1E /* Project object */;
}
