PODS:
  - Alamofire (3.4.1)
  - AlamofireImage (2.4.1):
    - Alamofire (~> 3.3)
  - ObjectMapper (1.3.0)
  - SVProgressHUD (2.0.3)

DEPENDENCIES:
  - Alamofire (~> 3.4)
  - AlamofireImage (~> 2.0)
  - ObjectMapper (~> 1.3)
  - SVProgressHUD

SPEC CHECKSUMS:
  Alamofire: 01a82e2f6c0f860ade35534c8dd88be61bdef40c
  AlamofireImage: 3ccf3347d9ea24580dc11fb892770a0be6a29826
  ObjectMapper: 4eb08a726e9791a93b2632049951b56a7c17e471
  SVProgressHUD: b0830714205bea1317ea1a2ebc71e5633af334d4

PODFILE CHECKSUM: 90ed92cc634dcbf260eb4d5f242b823d2b3cc5b3

COCOAPODS: 1.0.1
