// !$*UTF8*$!
{
	archiveVersion = 1;
	classes = {
	};
	objectVersion = 46;
	objects = {

/* Begin PBXBuildFile section */
		1550C91E1D5AA71900FEFB0E /* AppDelegate.swift in Sources */ = {isa = PBXBuildFile; fileRef = 1550C91D1D5AA71900FEFB0E /* AppDelegate.swift */; };
		1550C9201D5AA71900FEFB0E /* ViewController.swift in Sources */ = {isa = PBXBuildFile; fileRef = 1550C91F1D5AA71900FEFB0E /* ViewController.swift */; };
		1550C9231D5AA71900FEFB0E /* Main.storyboard in Resources */ = {isa = PBXBuildFile; fileRef = 1550C9211D5AA71900FEFB0E /* Main.storyboard */; };
		1550C9251D5AA71900FEFB0E /* Assets.xcassets in Resources */ = {isa = PBXBuildFile; fileRef = 1550C9241D5AA71900FEFB0E /* Assets.xcassets */; };
		1550C9281D5AA71900FEFB0E /* LaunchScreen.storyboard in Resources */ = {isa = PBXBuildFile; fileRef = 1550C9261D5AA71900FEFB0E /* LaunchScreen.storyboard */; };
		1550C9301D5AA83900FEFB0E /* Weather.swift in Sources */ = {isa = PBXBuildFile; fileRef = 1550C92F1D5AA83900FEFB0E /* Weather.swift */; };
		1550C9341D5BEE6B00FEFB0E /* ForecastViewController.swift in Sources */ = {isa = PBXBuildFile; fileRef = 1550C9331D5BEE6B00FEFB0E /* ForecastViewController.swift */; };
		1550C9361D5CD49A00FEFB0E /* CustomCell.swift in Sources */ = {isa = PBXBuildFile; fileRef = 1550C9351D5CD49A00FEFB0E /* CustomCell.swift */; };
		156FAAC11D5E687C00706039 /* WeatherConection.swift in Sources */ = {isa = PBXBuildFile; fileRef = 156FAAC01D5E687C00706039 /* WeatherConection.swift */; };
		156FAAC31D614F1D00706039 /* WeatherViewModel.swift in Sources */ = {isa = PBXBuildFile; fileRef = 156FAAC21D614F1D00706039 /* WeatherViewModel.swift */; };
		32B580D5E0B8635722B0D491 /* Pods_WeatherApp.framework in Frameworks */ = {isa = PBXBuildFile; fileRef = 2E9D5EEF5662B698F274ECA1 /* Pods_WeatherApp.framework */; };
/* End PBXBuildFile section */

/* Begin PBXFileReference section */
		1550C91A1D5AA71900FEFB0E /* WeatherApp.app */ = {isa = PBXFileReference; explicitFileType = wrapper.application; includeInIndex = 0; path = WeatherApp.app; sourceTree = BUILT_PRODUCTS_DIR; };
		1550C91D1D5AA71900FEFB0E /* AppDelegate.swift */ = {isa = PBXFileReference; lastKnownFileType = sourcecode.swift; path = AppDelegate.swift; sourceTree = "<group>"; };
		1550C91F1D5AA71900FEFB0E /* ViewController.swift */ = {isa = PBXFileReference; lastKnownFileType = sourcecode.swift; path = ViewController.swift; sourceTree = "<group>"; };
		1550C9221D5AA71900FEFB0E /* Base */ = {isa = PBXFileReference; lastKnownFileType = file.storyboard; name = Base; path = Base.lproj/Main.storyboard; sourceTree = "<group>"; };
		1550C9241D5AA71900FEFB0E /* Assets.xcassets */ = {isa = PBXFileReference; lastKnownFileType = folder.assetcatalog; path = Assets.xcassets; sourceTree = "<group>"; };
		1550C9271D5AA71900FEFB0E /* Base */ = {isa = PBXFileReference; lastKnownFileType = file.storyboard; name = Base; path = Base.lproj/LaunchScreen.storyboard; sourceTree = "<group>"; };
		1550C9291D5AA71900FEFB0E /* Info.plist */ = {isa = PBXFileReference; lastKnownFileType = text.plist.xml; path = Info.plist; sourceTree = "<group>"; };
		1550C92F1D5AA83900FEFB0E /* Weather.swift */ = {isa = PBXFileReference; fileEncoding = 4; lastKnownFileType = sourcecode.swift; path = Weather.swift; sourceTree = "<group>"; };
		1550C9331D5BEE6B00FEFB0E /* ForecastViewController.swift */ = {isa = PBXFileReference; fileEncoding = 4; lastKnownFileType = sourcecode.swift; path = ForecastViewController.swift; sourceTree = "<group>"; };
		1550C9351D5CD49A00FEFB0E /* CustomCell.swift */ = {isa = PBXFileReference; fileEncoding = 4; lastKnownFileType = sourcecode.swift; path = CustomCell.swift; sourceTree = "<group>"; };
		156FAAC01D5E687C00706039 /* WeatherConection.swift */ = {isa = PBXFileReference; fileEncoding = 4; lastKnownFileType = sourcecode.swift; path = WeatherConection.swift; sourceTree = "<group>"; };
		156FAAC21D614F1D00706039 /* WeatherViewModel.swift */ = {isa = PBXFileReference; fileEncoding = 4; lastKnownFileType = sourcecode.swift; path = WeatherViewModel.swift; sourceTree = "<group>"; };
		206FC0D5B688EE7C01840198 /* Pods-WeatherApp.release.xcconfig */ = {isa = PBXFileReference; includeInIndex = 1; lastKnownFileType = text.xcconfig; name = "Pods-WeatherApp.release.xcconfig"; path = "Pods/Target Support Files/Pods-WeatherApp/Pods-WeatherApp.release.xcconfig"; sourceTree = "<group>"; };
		2E9D5EEF5662B698F274ECA1 /* Pods_WeatherApp.framework */ = {isa = PBXFileReference; explicitFileType = wrapper.framework; includeInIndex = 0; path = Pods_WeatherApp.framework; sourceTree = BUILT_PRODUCTS_DIR; };
		D8C0E3D341E838AAD6239707 /* Pods-WeatherApp.debug.xcconfig */ = {isa = PBXFileReference; includeInIndex = 1; lastKnownFileType = text.xcconfig; name = "Pods-WeatherApp.debug.xcconfig"; path = "Pods/Target Support Files/Pods-WeatherApp/Pods-WeatherApp.debug.xcconfig"; sourceTree = "<group>"; };
/* End PBXFileReference section */

/* Begin PBXFrameworksBuildPhase section */
		1550C9171D5AA71900FEFB0E /* Frameworks */ = {
			isa = PBXFrameworksBuildPhase;
			buildActionMask = 2147483647;
			files = (
				32B580D5E0B8635722B0D491 /* Pods_WeatherApp.framework in Frameworks */,
			);
			runOnlyForDeploymentPostprocessing = 0;
		};
/* End PBXFrameworksBuildPhase section */

/* Begin PBXGroup section */
		1550C9111D5AA71900FEFB0E = {
			isa = PBXGroup;
			children = (
				1550C91C1D5AA71900FEFB0E /* WeatherApp */,
				1550C91B1D5AA71900FEFB0E /* Products */,
				5570471E48F7001612AFEAFD /* Pods */,
				608F4C3935F7493D11623AD5 /* Frameworks */,
			);
			sourceTree = "<group>";
		};
		1550C91B1D5AA71900FEFB0E /* Products */ = {
			isa = PBXGroup;
			children = (
				1550C91A1D5AA71900FEFB0E /* WeatherApp.app */,
			);
			name = Products;
			sourceTree = "<group>";
		};
		1550C91C1D5AA71900FEFB0E /* WeatherApp */ = {
			isa = PBXGroup;
			children = (
				1550C91D1D5AA71900FEFB0E /* AppDelegate.swift */,
				1550C91F1D5AA71900FEFB0E /* ViewController.swift */,
				1550C9211D5AA71900FEFB0E /* Main.storyboard */,
				1550C9241D5AA71900FEFB0E /* Assets.xcassets */,
				1550C9261D5AA71900FEFB0E /* LaunchScreen.storyboard */,
				1550C9291D5AA71900FEFB0E /* Info.plist */,
				1550C92F1D5AA83900FEFB0E /* Weather.swift */,
				1550C9331D5BEE6B00FEFB0E /* ForecastViewController.swift */,
				1550C9351D5CD49A00FEFB0E /* CustomCell.swift */,
				156FAAC01D5E687C00706039 /* WeatherConection.swift */,
				156FAAC21D614F1D00706039 /* WeatherViewModel.swift */,
			);
			path = WeatherApp;
			sourceTree = "<group>";
		};
		5570471E48F7001612AFEAFD /* Pods */ = {
			isa = PBXGroup;
			children = (
				D8C0E3D341E838AAD6239707 /* Pods-WeatherApp.debug.xcconfig */,
				206FC0D5B688EE7C01840198 /* Pods-WeatherApp.release.xcconfig */,
			);
			name = Pods;
			sourceTree = "<group>";
		};
		608F4C3935F7493D11623AD5 /* Frameworks */ = {
			isa = PBXGroup;
			children = (
				2E9D5EEF5662B698F274ECA1 /* Pods_WeatherApp.framework */,
			);
			name = Frameworks;
			sourceTree = "<group>";
		};
/* End PBXGroup section */

/* Begin PBXNativeTarget section */
		1550C9191D5AA71900FEFB0E /* WeatherApp */ = {
			isa = PBXNativeTarget;
			buildConfigurationList = 1550C92C1D5AA71A00FEFB0E /* Build configuration list for PBXNativeTarget "WeatherApp" */;
			buildPhases = (
				5E4D3D4EFFC720865FD42C2C /* [CP] Check Pods Manifest.lock */,
				1550C9161D5AA71900FEFB0E /* Sources */,
				1550C9171D5AA71900FEFB0E /* Frameworks */,
				1550C9181D5AA71900FEFB0E /* Resources */,
				674103761775807B77F0C2C2 /* [CP] Embed Pods Frameworks */,
				01745CEB37FE7A5B1F91F028 /* [CP] Copy Pods Resources */,
			);
			buildRules = (
			);
			dependencies = (
			);
			name = WeatherApp;
			productName = WeatherApp;
			productReference = 1550C91A1D5AA71900FEFB0E /* WeatherApp.app */;
			productType = "com.apple.product-type.application";
		};
/* End PBXNativeTarget section */

/* Begin PBXProject section */
		1550C9121D5AA71900FEFB0E /* Project object */ = {
			isa = PBXProject;
			attributes = {
				LastSwiftUpdateCheck = 0730;
				LastUpgradeCheck = 0730;
				ORGANIZATIONNAME = Hkapp;
				TargetAttributes = {
					1550C9191D5AA71900FEFB0E = {
						CreatedOnToolsVersion = 7.3.1;
						DevelopmentTeam = 594V3GMFFH;
					};
				};
			};
			buildConfigurationList = 1550C9151D5AA71900FEFB0E /* Build configuration list for PBXProject "WeatherApp" */;
			compatibilityVersion = "Xcode 3.2";
			developmentRegion = English;
			hasScannedForEncodings = 0;
			knownRegions = (
				en,
				Base,
			);
			mainGroup = 1550C9111D5AA71900FEFB0E;
			productRefGroup = 1550C91B1D5AA71900FEFB0E /* Products */;
			projectDirPath = "";
			projectRoot = "";
			targets = (
				1550C9191D5AA71900FEFB0E /* WeatherApp */,
			);
		};
/* End PBXProject section */

/* Begin PBXResourcesBuildPhase section */
		1550C9181D5AA71900FEFB0E /* Resources */ = {
			isa = PBXResourcesBuildPhase;
			buildActionMask = 2147483647;
			files = (
				1550C9281D5AA71900FEFB0E /* LaunchScreen.storyboard in Resources */,
				1550C9251D5AA71900FEFB0E /* Assets.xcassets in Resources */,
				1550C9231D5AA71900FEFB0E /* Main.storyboard in Resources */,
			);
			runOnlyForDeploymentPostprocessing = 0;
		};
/* End PBXResourcesBuildPhase section */

/* Begin PBXShellScriptBuildPhase section */
		01745CEB37FE7A5B1F91F028 /* [CP] Copy Pods Resources */ = {
			isa = PBXShellScriptBuildPhase;
			buildActionMask = 2147483647;
			files = (
			);
			inputPaths = (
			);
			name = "[CP] Copy Pods Resources";
			outputPaths = (
			);
			runOnlyForDeploymentPostprocessing = 0;
			shellPath = /bin/sh;
			shellScript = "\"${SRCROOT}/Pods/Target Support Files/Pods-WeatherApp/Pods-WeatherApp-resources.sh\"\n";
			showEnvVarsInLog = 0;
		};
		5E4D3D4EFFC720865FD42C2C /* [CP] Check Pods Manifest.lock */ = {
			isa = PBXShellScriptBuildPhase;
			buildActionMask = 2147483647;
			files = (
			);
			inputPaths = (
			);
			name = "[CP] Check Pods Manifest.lock";
			outputPaths = (
			);
			runOnlyForDeploymentPostprocessing = 0;
			shellPath = /bin/sh;
			shellScript = "diff \"${PODS_ROOT}/../Podfile.lock\" \"${PODS_ROOT}/Manifest.lock\" > /dev/null\nif [[ $? != 0 ]] ; then\n    cat << EOM\nerror: The sandbox is not in sync with the Podfile.lock. Run 'pod install' or update your CocoaPods installation.\nEOM\n    exit 1\nfi\n";
			showEnvVarsInLog = 0;
		};
		674103761775807B77F0C2C2 /* [CP] Embed Pods Frameworks */ = {
			isa = PBXShellScriptBuildPhase;
			buildActionMask = 2147483647;
			files = (
			);
			inputPaths = (
			);
			name = "[CP] Embed Pods Frameworks";
			outputPaths = (
			);
			runOnlyForDeploymentPostprocessing = 0;
			shellPath = /bin/sh;
			shellScript = "\"${SRCROOT}/Pods/Target Support Files/Pods-WeatherApp/Pods-WeatherApp-frameworks.sh\"\n";
			showEnvVarsInLog = 0;
		};
/* End PBXShellScriptBuildPhase section */

/* Begin PBXSourcesBuildPhase section */
		1550C9161D5AA71900FEFB0E /* Sources */ = {
			isa = PBXSourcesBuildPhase;
			buildActionMask = 2147483647;
			files = (
				1550C9201D5AA71900FEFB0E /* ViewController.swift in Sources */,
				1550C9301D5AA83900FEFB0E /* Weather.swift in Sources */,
				1550C9361D5CD49A00FEFB0E /* CustomCell.swift in Sources */,
				156FAAC31D614F1D00706039 /* WeatherViewModel.swift in Sources */,
				1550C9341D5BEE6B00FEFB0E /* ForecastViewController.swift in Sources */,
				156FAAC11D5E687C00706039 /* WeatherConection.swift in Sources */,
				1550C91E1D5AA71900FEFB0E /* AppDelegate.swift in Sources */,
			);
			runOnlyForDeploymentPostprocessing = 0;
		};
/* End PBXSourcesBuildPhase section */

/* Begin PBXVariantGroup section */
		1550C9211D5AA71900FEFB0E /* Main.storyboard */ = {
			isa = PBXVariantGroup;
			children = (
				1550C9221D5AA71900FEFB0E /* Base */,
			);
			name = Main.storyboard;
			sourceTree = "<group>";
		};
		1550C9261D5AA71900FEFB0E /* LaunchScreen.storyboard */ = {
			isa = PBXVariantGroup;
			children = (
				1550C9271D5AA71900FEFB0E /* Base */,
			);
			name = LaunchScreen.storyboard;
			sourceTree = "<group>";
		};
/* End PBXVariantGroup section */

/* Begin XCBuildConfiguration section */
		1550C92A1D5AA71A00FEFB0E /* Debug */ = {
			isa = XCBuildConfiguration;
			buildSettings = {
				ALWAYS_SEARCH_USER_PATHS = NO;
				CLANG_ANALYZER_NONNULL = YES;
				CLANG_CXX_LANGUAGE_STANDARD = "gnu++0x";
				CLANG_CXX_LIBRARY = "libc++";
				CLANG_ENABLE_MODULES = YES;
				CLANG_ENABLE_OBJC_ARC = YES;
				CLANG_WARN_BOOL_CONVERSION = YES;
				CLANG_WARN_CONSTANT_CONVERSION = YES;
				CLANG_WARN_DIRECT_OBJC_ISA_USAGE = YES_ERROR;
				CLANG_WARN_EMPTY_BODY = YES;
				CLANG_WARN_ENUM_CONVERSION = YES;
				CLANG_WARN_INT_CONVERSION = YES;
				CLANG_WARN_OBJC_ROOT_CLASS = YES_ERROR;
				CLANG_WARN_UNREACHABLE_CODE = YES;
				CLANG_WARN__DUPLICATE_METHOD_MATCH = YES;
				"CODE_SIGN_IDENTITY[sdk=iphoneos*]" = "iPhone Developer";
				COPY_PHASE_STRIP = NO;
				DEBUG_INFORMATION_FORMAT = dwarf;
				ENABLE_STRICT_OBJC_MSGSEND = YES;
				ENABLE_TESTABILITY = YES;
				GCC_C_LANGUAGE_STANDARD = gnu99;
				GCC_DYNAMIC_NO_PIC = NO;
				GCC_NO_COMMON_BLOCKS = YES;
				GCC_OPTIMIZATION_LEVEL = 0;
				GCC_PREPROCESSOR_DEFINITIONS = (
					"DEBUG=1",
					"$(inherited)",
				);
				GCC_WARN_64_TO_32_BIT_CONVERSION = YES;
				GCC_WARN_ABOUT_RETURN_TYPE = YES_ERROR;
				GCC_WARN_UNDECLARED_SELECTOR = YES;
				GCC_WARN_UNINITIALIZED_AUTOS = YES_AGGRESSIVE;
				GCC_WARN_UNUSED_FUNCTION = YES;
				GCC_WARN_UNUSED_VARIABLE = YES;
				IPHONEOS_DEPLOYMENT_TARGET = 9.3;
				MTL_ENABLE_DEBUG_INFO = YES;
				ONLY_ACTIVE_ARCH = YES;
				SDKROOT = iphoneos;
				SWIFT_OPTIMIZATION_LEVEL = "-Onone";
				TARGETED_DEVICE_FAMILY = "1,2";
			};
			name = Debug;
		};
		1550C92B1D5AA71A00FEFB0E /* Release */ = {
			isa = XCBuildConfiguration;
			buildSettings = {
				ALWAYS_SEARCH_USER_PATHS = NO;
				CLANG_ANALYZER_NONNULL = YES;
				CLANG_CXX_LANGUAGE_STANDARD = "gnu++0x";
				CLANG_CXX_LIBRARY = "libc++";
				CLANG_ENABLE_MODULES = YES;
				CLANG_ENABLE_OBJC_ARC = YES;
				CLANG_WARN_BOOL_CONVERSION = YES;
				CLANG_WARN_CONSTANT_CONVERSION = YES;
				CLANG_WARN_DIRECT_OBJC_ISA_USAGE = YES_ERROR;
				CLANG_WARN_EMPTY_BODY = YES;
				CLANG_WARN_ENUM_CONVERSION = YES;
				CLANG_WARN_INT_CONVERSION = YES;
				CLANG_WARN_OBJC_ROOT_CLASS = YES_ERROR;
				CLANG_WARN_UNREACHABLE_CODE = YES;
				CLANG_WARN__DUPLICATE_METHOD_MATCH = YES;
				"CODE_SIGN_IDENTITY[sdk=iphoneos*]" = "iPhone Developer";
				COPY_PHASE_STRIP = NO;
				DEBUG_INFORMATION_FORMAT = "dwarf-with-dsym";
				ENABLE_NS_ASSERTIONS = NO;
				ENABLE_STRICT_OBJC_MSGSEND = YES;
				GCC_C_LANGUAGE_STANDARD = gnu99;
				GCC_NO_COMMON_BLOCKS = YES;
				GCC_WARN_64_TO_32_BIT_CONVERSION = YES;
				GCC_WARN_ABOUT_RETURN_TYPE = YES_ERROR;
				GCC_WARN_UNDECLARED_SELECTOR = YES;
				GCC_WARN_UNINITIALIZED_AUTOS = YES_AGGRESSIVE;
				GCC_WARN_UNUSED_FUNCTION = YES;
				GCC_WARN_UNUSED_VARIABLE = YES;
				IPHONEOS_DEPLOYMENT_TARGET = 9.3;
				MTL_ENABLE_DEBUG_INFO = NO;
				SDKROOT = iphoneos;
				TARGETED_DEVICE_FAMILY = "1,2";
				VALIDATE_PRODUCT = YES;
			};
			name = Release;
		};
		1550C92D1D5AA71A00FEFB0E /* Debug */ = {
			isa = XCBuildConfiguration;
			baseConfigurationReference = D8C0E3D341E838AAD6239707 /* Pods-WeatherApp.debug.xcconfig */;
			buildSettings = {
				ASSETCATALOG_COMPILER_APPICON_NAME = AppIcon;
				CODE_SIGN_IDENTITY = "iPhone Developer";
				"CODE_SIGN_IDENTITY[sdk=iphoneos*]" = "iPhone Developer";
				INFOPLIST_FILE = WeatherApp/Info.plist;
				LD_RUNPATH_SEARCH_PATHS = "$(inherited) @executable_path/Frameworks";
				PRODUCT_BUNDLE_IDENTIFIER = com.Hkapp.WeatherApp;
				PRODUCT_NAME = "$(TARGET_NAME)";
				PROVISIONING_PROFILE = "";
			};
			name = Debug;
		};
		1550C92E1D5AA71A00FEFB0E /* Release */ = {
			isa = XCBuildConfiguration;
			baseConfigurationReference = 206FC0D5B688EE7C01840198 /* Pods-WeatherApp.release.xcconfig */;
			buildSettings = {
				ASSETCATALOG_COMPILER_APPICON_NAME = AppIcon;
				CODE_SIGN_IDENTITY = "iPhone Developer";
				"CODE_SIGN_IDENTITY[sdk=iphoneos*]" = "iPhone Developer";
				INFOPLIST_FILE = WeatherApp/Info.plist;
				LD_RUNPATH_SEARCH_PATHS = "$(inherited) @executable_path/Frameworks";
				PRODUCT_BUNDLE_IDENTIFIER = com.Hkapp.WeatherApp;
				PRODUCT_NAME = "$(TARGET_NAME)";
				PROVISIONING_PROFILE = "";
			};
			name = Release;
		};
/* End XCBuildConfiguration section */

/* Begin XCConfigurationList section */
		1550C9151D5AA71900FEFB0E /* Build configuration list for PBXProject "WeatherApp" */ = {
			isa = XCConfigurationList;
			buildConfigurations = (
				1550C92A1D5AA71A00FEFB0E /* Debug */,
				1550C92B1D5AA71A00FEFB0E /* Release */,
			);
			defaultConfigurationIsVisible = 0;
			defaultConfigurationName = Release;
		};
		1550C92C1D5AA71A00FEFB0E /* Build configuration list for PBXNativeTarget "WeatherApp" */ = {
			isa = XCConfigurationList;
			buildConfigurations = (
				1550C92D1D5AA71A00FEFB0E /* Debug */,
				1550C92E1D5AA71A00FEFB0E /* Release */,
			);
			defaultConfigurationIsVisible = 0;
			defaultConfigurationName = Release;
		};
/* End XCConfigurationList section */
	};
	rootObject = 1550C9121D5AA71900FEFB0E /* Project object */;
}
